
Microsoft Visual Studio Solution File, Format Version 11.00
# Visual Studio 2010
Project("{8BC9CEB8-8B4A-11D0-8D11-00A0C91BC942}") = "App_BulletExampleBrowser", "App_BulletExampleBrowser.vcxproj", "{8E44FFB8-DFCB-624C-86A8-E4F387303C18}"
	ProjectSection(ProjectDependencies) = postProject
		{D4F7416E-3BC1-634F-9EC8-133F6DDC1527} = {D4F7416E-3BC1-634F-9EC8-133F6DDC1527}
		{FAE78B17-82EA-D84C-BD53-B1D9F26C91FD} = {FAE78B17-82EA-D84C-BD53-B1D9F26C91FD}
		{9EFC9980-C7FC-1548-8851-0CF04D729215} = {9EFC9980-C7FC-1548-8851-0CF04D729215}
		{D4915362-E71C-1948-B18E-29BFBC4F4F03} = {D4915362-E71C-1948-B18E-29BFBC4F4F03}
		{751F9D51-589D-FA49-B6B4-DAB078B5D868} = {751F9D51-589D-FA49-B6B4-DAB078B5D868}
		{D92017B6-B96B-8048-A1AA-EC219F3A06BB} = {D92017B6-B96B-8048-A1AA-EC219F3A06BB}
		{F84B5E84-9A20-7349-BDE0-B9E7B0D21406} = {F84B5E84-9A20-7349-BDE0-B9E7B0D21406}
		{92D1D051-14FF-D243-A7F0-2B50EC6F3B8A} = {92D1D051-14FF-D243-A7F0-2B50EC6F3B8A}
		{621F8EEC-99AE-634A-967C-F2B89072C670} = {621F8EEC-99AE-634A-967C-F2B89072C670}
		{E164CB71-C758-A747-88CB-096F034A8C01} = {E164CB71-C758-A747-88CB-096F034A8C01}
		{50670400-D638-EA48-9035-B7A2B4E23256} = {50670400-D638-EA48-9035-B7A2B4E23256}
		{D9B04B04-A9B8-2947-9E49-B6BC4E5C5213} = {D9B04B04-A9B8-2947-9E49-B6BC4E5C5213}
		{F5D3C332-9EB6-6344-BEFE-5DC3630B2304} = {F5D3C332-9EB6-6344-BEFE-5DC3630B2304}
		{54992072-26DA-7344-8CCD-D8327B0E6A1D} = {54992072-26DA-7344-8CCD-D8327B0E6A1D}
		{2AA4880F-F5E5-E843-98A6-B1365B2CB11A} = {2AA4880F-F5E5-E843-98A6-B1365B2CB11A}
	EndProjectSection
EndProject
Project("{8BC9CEB8-8B4A-11D0-8D11-00A0C91BC942}") = "BulletExampleBrowserLib", "BulletExampleBrowserLib.vcxproj", "{D4F7416E-3BC1-634F-9EC8-133F6DDC1527}"
EndProject
Project("{8BC9CEB8-8B4A-11D0-8D11-00A0C91BC942}") = "OpenGL_Window", "OpenGL_Window.vcxproj", "{9EFC9980-C7FC-1548-8851-0CF04D729215}"
EndProject
Project("{8BC9CEB8-8B4A-11D0-8D11-00A0C91BC942}") = "gwen", "gwen.vcxproj", "{FAE78B17-82EA-D84C-BD53-B1D9F26C91FD}"
EndProject
Project("{8BC9CEB8-8B4A-11D0-8D11-00A0C91BC942}") = "App_SimpleOpenGL3", "App_SimpleOpenGL3.vcxproj", "{5572D24C-8D7C-2843-874D-5D28FB8DAB00}"
	ProjectSection(ProjectDependencies) = postProject
		{9EFC9980-C7FC-1548-8851-0CF04D729215} = {9EFC9980-C7FC-1548-8851-0CF04D729215}
		{50670400-D638-EA48-9035-B7A2B4E23256} = {50670400-D638-EA48-9035-B7A2B4E23256}
	EndProjectSection
EndProject
Project("{8BC9CEB8-8B4A-11D0-8D11-00A0C91BC942}") = "App_TinyRenderer", "App_TinyRenderer.vcxproj", "{E38BA7C1-3804-744E-BF17-6D1F7052FF0B}"
	ProjectSection(ProjectDependencies) = postProject
		{9EFC9980-C7FC-1548-8851-0CF04D729215} = {9EFC9980-C7FC-1548-8851-0CF04D729215}
		{50670400-D638-EA48-9035-B7A2B4E23256} = {50670400-D638-EA48-9035-B7A2B4E23256}
	EndProjectSection
EndProject
Project("{8BC9CEB8-8B4A-11D0-8D11-00A0C91BC942}") = "App_HelloWorld", "App_HelloWorld.vcxproj", "{6BED7EDB-8D55-884A-A418-C12C44BEC397}"
	ProjectSection(ProjectDependencies) = postProject
		{F84B5E84-9A20-7349-BDE0-B9E7B0D21406} = {F84B5E84-9A20-7349-BDE0-B9E7B0D21406}
		{92D1D051-14FF-D243-A7F0-2B50EC6F3B8A} = {92D1D051-14FF-D243-A7F0-2B50EC6F3B8A}
		{621F8EEC-99AE-634A-967C-F2B89072C670} = {621F8EEC-99AE-634A-967C-F2B89072C670}
	EndProjectSection
EndProject
Project("{8BC9CEB8-8B4A-11D0-8D11-00A0C91BC942}") = "App_BasicExample", "App_BasicExample.vcxproj", "{BF63BEC8-D593-FF42-B3EF-F6F55D353EE3}"
	ProjectSection(ProjectDependencies) = postProject
		{F84B5E84-9A20-7349-BDE0-B9E7B0D21406} = {F84B5E84-9A20-7349-BDE0-B9E7B0D21406}
		{92D1D051-14FF-D243-A7F0-2B50EC6F3B8A} = {92D1D051-14FF-D243-A7F0-2B50EC6F3B8A}
		{621F8EEC-99AE-634A-967C-F2B89072C670} = {621F8EEC-99AE-634A-967C-F2B89072C670}
	EndProjectSection
EndProject
Project("{8BC9CEB8-8B4A-11D0-8D11-00A0C91BC942}") = "App_BasicExampleGui", "App_BasicExampleGui.vcxproj", "{718E2BB9-1F0A-A645-9DC6-C7AA6B5CC73B}"
	ProjectSection(ProjectDependencies) = postProject
		{F84B5E84-9A20-7349-BDE0-B9E7B0D21406} = {F84B5E84-9A20-7349-BDE0-B9E7B0D21406}
		{92D1D051-14FF-D243-A7F0-2B50EC6F3B8A} = {92D1D051-14FF-D243-A7F0-2B50EC6F3B8A}
		{621F8EEC-99AE-634A-967C-F2B89072C670} = {621F8EEC-99AE-634A-967C-F2B89072C670}
		{9EFC9980-C7FC-1548-8851-0CF04D729215} = {9EFC9980-C7FC-1548-8851-0CF04D729215}
		{50670400-D638-EA48-9035-B7A2B4E23256} = {50670400-D638-EA48-9035-B7A2B4E23256}
	EndProjectSection
EndProject
Project("{8BC9CEB8-8B4A-11D0-8D11-00A0C91BC942}") = "App_BasicExampleGuiWithSoftwareRenderer", "App_BasicExampleGuiWithSoftwareRenderer.vcxproj", "{F17DF650-3BCA-674B-BF86-ECE3270DEC46}"
	ProjectSection(ProjectDependencies) = postProject
		{F84B5E84-9A20-7349-BDE0-B9E7B0D21406} = {F84B5E84-9A20-7349-BDE0-B9E7B0D21406}
		{92D1D051-14FF-D243-A7F0-2B50EC6F3B8A} = {92D1D051-14FF-D243-A7F0-2B50EC6F3B8A}
		{621F8EEC-99AE-634A-967C-F2B89072C670} = {621F8EEC-99AE-634A-967C-F2B89072C670}
		{9EFC9980-C7FC-1548-8851-0CF04D729215} = {9EFC9980-C7FC-1548-8851-0CF04D729215}
		{50670400-D638-EA48-9035-B7A2B4E23256} = {50670400-D638-EA48-9035-B7A2B4E23256}
	EndProjectSection
EndProject
Project("{8BC9CEB8-8B4A-11D0-8D11-00A0C91BC942}") = "App_BasicExampleTinyRenderer", "App_BasicExampleTinyRenderer.vcxproj", "{35273F2F-51A0-9C4D-8EA9-B5550A92C7EA}"
	ProjectSection(ProjectDependencies) = postProject
		{F84B5E84-9A20-7349-BDE0-B9E7B0D21406} = {F84B5E84-9A20-7349-BDE0-B9E7B0D21406}
		{92D1D051-14FF-D243-A7F0-2B50EC6F3B8A} = {92D1D051-14FF-D243-A7F0-2B50EC6F3B8A}
		{621F8EEC-99AE-634A-967C-F2B89072C670} = {621F8EEC-99AE-634A-967C-F2B89072C670}
		{50670400-D638-EA48-9035-B7A2B4E23256} = {50670400-D638-EA48-9035-B7A2B4E23256}
	EndProjectSection
EndProject
Project("{8BC9CEB8-8B4A-11D0-8D11-00A0C91BC942}") = "App_InverseDynamicsExample", "App_InverseDynamicsExample.vcxproj", "{62900015-68BE-914C-8E35-194247768FF2}"
	ProjectSection(ProjectDependencies) = postProject
		{751F9D51-589D-FA49-B6B4-DAB078B5D868} = {751F9D51-589D-FA49-B6B4-DAB078B5D868}
		{D92017B6-B96B-8048-A1AA-EC219F3A06BB} = {D92017B6-B96B-8048-A1AA-EC219F3A06BB}
		{50670400-D638-EA48-9035-B7A2B4E23256} = {50670400-D638-EA48-9035-B7A2B4E23256}
		{F84B5E84-9A20-7349-BDE0-B9E7B0D21406} = {F84B5E84-9A20-7349-BDE0-B9E7B0D21406}
		{92D1D051-14FF-D243-A7F0-2B50EC6F3B8A} = {92D1D051-14FF-D243-A7F0-2B50EC6F3B8A}
		{621F8EEC-99AE-634A-967C-F2B89072C670} = {621F8EEC-99AE-634A-967C-F2B89072C670}
	EndProjectSection
EndProject
Project("{8BC9CEB8-8B4A-11D0-8D11-00A0C91BC942}") = "App_InverseDynamicsExampleGui", "App_InverseDynamicsExampleGui.vcxproj", "{20AFDC24-07C3-9045-8B11-74692662B5BA}"
	ProjectSection(ProjectDependencies) = postProject
		{751F9D51-589D-FA49-B6B4-DAB078B5D868} = {751F9D51-589D-FA49-B6B4-DAB078B5D868}
		{D92017B6-B96B-8048-A1AA-EC219F3A06BB} = {D92017B6-B96B-8048-A1AA-EC219F3A06BB}
		{F84B5E84-9A20-7349-BDE0-B9E7B0D21406} = {F84B5E84-9A20-7349-BDE0-B9E7B0D21406}
		{92D1D051-14FF-D243-A7F0-2B50EC6F3B8A} = {92D1D051-14FF-D243-A7F0-2B50EC6F3B8A}
		{621F8EEC-99AE-634A-967C-F2B89072C670} = {621F8EEC-99AE-634A-967C-F2B89072C670}
		{9EFC9980-C7FC-1548-8851-0CF04D729215} = {9EFC9980-C7FC-1548-8851-0CF04D729215}
		{50670400-D638-EA48-9035-B7A2B4E23256} = {50670400-D638-EA48-9035-B7A2B4E23256}
	EndProjectSection
EndProject
Project("{8BC9CEB8-8B4A-11D0-8D11-00A0C91BC942}") = "App_InverseDynamicsExampleGuiWithSoftwareRenderer", "App_InverseDynamicsExampleGuiWithSoftwareRenderer.vcxproj", "{C2B583E2-19BB-5D4F-B6CF-10E57D453C3D}"
	ProjectSection(ProjectDependencies) = postProject
		{751F9D51-589D-FA49-B6B4-DAB078B5D868} = {751F9D51-589D-FA49-B6B4-DAB078B5D868}
		{D92017B6-B96B-8048-A1AA-EC219F3A06BB} = {D92017B6-B96B-8048-A1AA-EC219F3A06BB}
		{F84B5E84-9A20-7349-BDE0-B9E7B0D21406} = {F84B5E84-9A20-7349-BDE0-B9E7B0D21406}
		{92D1D051-14FF-D243-A7F0-2B50EC6F3B8A} = {92D1D051-14FF-D243-A7F0-2B50EC6F3B8A}
		{621F8EEC-99AE-634A-967C-F2B89072C670} = {621F8EEC-99AE-634A-967C-F2B89072C670}
		{9EFC9980-C7FC-1548-8851-0CF04D729215} = {9EFC9980-C7FC-1548-8851-0CF04D729215}
		{50670400-D638-EA48-9035-B7A2B4E23256} = {50670400-D638-EA48-9035-B7A2B4E23256}
	EndProjectSection
EndProject
Project("{8BC9CEB8-8B4A-11D0-8D11-00A0C91BC942}") = "App_InverseDynamicsExampleTinyRenderer", "App_InverseDynamicsExampleTinyRenderer.vcxproj", "{401C002C-60A7-8140-9541-423FB0F12805}"
	ProjectSection(ProjectDependencies) = postProject
		{751F9D51-589D-FA49-B6B4-DAB078B5D868} = {751F9D51-589D-FA49-B6B4-DAB078B5D868}
		{D92017B6-B96B-8048-A1AA-EC219F3A06BB} = {D92017B6-B96B-8048-A1AA-EC219F3A06BB}
		{F84B5E84-9A20-7349-BDE0-B9E7B0D21406} = {F84B5E84-9A20-7349-BDE0-B9E7B0D21406}
		{92D1D051-14FF-D243-A7F0-2B50EC6F3B8A} = {92D1D051-14FF-D243-A7F0-2B50EC6F3B8A}
		{621F8EEC-99AE-634A-967C-F2B89072C670} = {621F8EEC-99AE-634A-967C-F2B89072C670}
		{50670400-D638-EA48-9035-B7A2B4E23256} = {50670400-D638-EA48-9035-B7A2B4E23256}
	EndProjectSection
EndProject
Project("{8BC9CEB8-8B4A-11D0-8D11-00A0C91BC942}") = "App_RigidBodyFromObjExample", "App_RigidBodyFromObjExample.vcxproj", "{AAAB14ED-72E5-B140-B247-4D28C5FA09C4}"
	ProjectSection(ProjectDependencies) = postProject
		{751F9D51-589D-FA49-B6B4-DAB078B5D868} = {751F9D51-589D-FA49-B6B4-DAB078B5D868}
		{D92017B6-B96B-8048-A1AA-EC219F3A06BB} = {D92017B6-B96B-8048-A1AA-EC219F3A06BB}
		{50670400-D638-EA48-9035-B7A2B4E23256} = {50670400-D638-EA48-9035-B7A2B4E23256}
		{F84B5E84-9A20-7349-BDE0-B9E7B0D21406} = {F84B5E84-9A20-7349-BDE0-B9E7B0D21406}
		{92D1D051-14FF-D243-A7F0-2B50EC6F3B8A} = {92D1D051-14FF-D243-A7F0-2B50EC6F3B8A}
		{621F8EEC-99AE-634A-967C-F2B89072C670} = {621F8EEC-99AE-634A-967C-F2B89072C670}
	EndProjectSection
EndProject
Project("{8BC9CEB8-8B4A-11D0-8D11-00A0C91BC942}") = "App_RigidBodyFromObjExampleGui", "App_RigidBodyFromObjExampleGui.vcxproj", "{7C3EF2A9-2A75-694F-8722-19EB11690DB1}"
	ProjectSection(ProjectDependencies) = postProject
		{751F9D51-589D-FA49-B6B4-DAB078B5D868} = {751F9D51-589D-FA49-B6B4-DAB078B5D868}
		{D92017B6-B96B-8048-A1AA-EC219F3A06BB} = {D92017B6-B96B-8048-A1AA-EC219F3A06BB}
		{F84B5E84-9A20-7349-BDE0-B9E7B0D21406} = {F84B5E84-9A20-7349-BDE0-B9E7B0D21406}
		{92D1D051-14FF-D243-A7F0-2B50EC6F3B8A} = {92D1D051-14FF-D243-A7F0-2B50EC6F3B8A}
		{621F8EEC-99AE-634A-967C-F2B89072C670} = {621F8EEC-99AE-634A-967C-F2B89072C670}
		{9EFC9980-C7FC-1548-8851-0CF04D729215} = {9EFC9980-C7FC-1548-8851-0CF04D729215}
		{50670400-D638-EA48-9035-B7A2B4E23256} = {50670400-D638-EA48-9035-B7A2B4E23256}
	EndProjectSection
EndProject
Project("{8BC9CEB8-8B4A-11D0-8D11-00A0C91BC942}") = "App_RigidBodyFromObjExampleGuiWithSoftwareRenderer", "App_RigidBodyFromObjExampleGuiWithSoftwareRenderer.vcxproj", "{EBF70D2F-C0B2-3A4C-8D99-C520E23528DE}"
	ProjectSection(ProjectDependencies) = postProject
		{751F9D51-589D-FA49-B6B4-DAB078B5D868} = {751F9D51-589D-FA49-B6B4-DAB078B5D868}
		{D92017B6-B96B-8048-A1AA-EC219F3A06BB} = {D92017B6-B96B-8048-A1AA-EC219F3A06BB}
		{F84B5E84-9A20-7349-BDE0-B9E7B0D21406} = {F84B5E84-9A20-7349-BDE0-B9E7B0D21406}
		{92D1D051-14FF-D243-A7F0-2B50EC6F3B8A} = {92D1D051-14FF-D243-A7F0-2B50EC6F3B8A}
		{621F8EEC-99AE-634A-967C-F2B89072C670} = {621F8EEC-99AE-634A-967C-F2B89072C670}
		{9EFC9980-C7FC-1548-8851-0CF04D729215} = {9EFC9980-C7FC-1548-8851-0CF04D729215}
		{50670400-D638-EA48-9035-B7A2B4E23256} = {50670400-D638-EA48-9035-B7A2B4E23256}
	EndProjectSection
EndProject
Project("{8BC9CEB8-8B4A-11D0-8D11-00A0C91BC942}") = "App_RigidBodyFromObjExampleTinyRenderer", "App_RigidBodyFromObjExampleTinyRenderer.vcxproj", "{36237D1C-FD52-FA4D-BC07-45460F72CE44}"
	ProjectSection(ProjectDependencies) = postProject
		{751F9D51-589D-FA49-B6B4-DAB078B5D868} = {751F9D51-589D-FA49-B6B4-DAB078B5D868}
		{D92017B6-B96B-8048-A1AA-EC219F3A06BB} = {D92017B6-B96B-8048-A1AA-EC219F3A06BB}
		{F84B5E84-9A20-7349-BDE0-B9E7B0D21406} = {F84B5E84-9A20-7349-BDE0-B9E7B0D21406}
		{92D1D051-14FF-D243-A7F0-2B50EC6F3B8A} = {92D1D051-14FF-D243-A7F0-2B50EC6F3B8A}
		{621F8EEC-99AE-634A-967C-F2B89072C670} = {621F8EEC-99AE-634A-967C-F2B89072C670}
		{50670400-D638-EA48-9035-B7A2B4E23256} = {50670400-D638-EA48-9035-B7A2B4E23256}
	EndProjectSection
EndProject
Project("{8BC9CEB8-8B4A-11D0-8D11-00A0C91BC942}") = "App_SharedMemoryPhysics", "App_SharedMemoryPhysics.vcxproj", "{F36EFC4A-7C79-C644-A515-AED917DD73AA}"
	ProjectSection(ProjectDependencies) = postProject
		{50670400-D638-EA48-9035-B7A2B4E23256} = {50670400-D638-EA48-9035-B7A2B4E23256}
		{751F9D51-589D-FA49-B6B4-DAB078B5D868} = {751F9D51-589D-FA49-B6B4-DAB078B5D868}
		{D92017B6-B96B-8048-A1AA-EC219F3A06BB} = {D92017B6-B96B-8048-A1AA-EC219F3A06BB}
		{F84B5E84-9A20-7349-BDE0-B9E7B0D21406} = {F84B5E84-9A20-7349-BDE0-B9E7B0D21406}
		{92D1D051-14FF-D243-A7F0-2B50EC6F3B8A} = {92D1D051-14FF-D243-A7F0-2B50EC6F3B8A}
		{621F8EEC-99AE-634A-967C-F2B89072C670} = {621F8EEC-99AE-634A-967C-F2B89072C670}
		{E164CB71-C758-A747-88CB-096F034A8C01} = {E164CB71-C758-A747-88CB-096F034A8C01}
	EndProjectSection
EndProject
Project("{8BC9CEB8-8B4A-11D0-8D11-00A0C91BC942}") = "App_SharedMemoryPhysics_GUI", "App_SharedMemoryPhysics_GUI.vcxproj", "{87E6ACB3-B9C1-AF4F-9B84-DEDD9BBAD0DB}"
	ProjectSection(ProjectDependencies) = postProject
		{751F9D51-589D-FA49-B6B4-DAB078B5D868} = {751F9D51-589D-FA49-B6B4-DAB078B5D868}
		{D92017B6-B96B-8048-A1AA-EC219F3A06BB} = {D92017B6-B96B-8048-A1AA-EC219F3A06BB}
		{F84B5E84-9A20-7349-BDE0-B9E7B0D21406} = {F84B5E84-9A20-7349-BDE0-B9E7B0D21406}
		{92D1D051-14FF-D243-A7F0-2B50EC6F3B8A} = {92D1D051-14FF-D243-A7F0-2B50EC6F3B8A}
		{621F8EEC-99AE-634A-967C-F2B89072C670} = {621F8EEC-99AE-634A-967C-F2B89072C670}
		{9EFC9980-C7FC-1548-8851-0CF04D729215} = {9EFC9980-C7FC-1548-8851-0CF04D729215}
		{50670400-D638-EA48-9035-B7A2B4E23256} = {50670400-D638-EA48-9035-B7A2B4E23256}
		{E164CB71-C758-A747-88CB-096F034A8C01} = {E164CB71-C758-A747-88CB-096F034A8C01}
	EndProjectSection
EndProject
Project("{8BC9CEB8-8B4A-11D0-8D11-00A0C91BC942}") = "App_SharedMemoryPhysics_VR", "App_SharedMemoryPhysics_VR.vcxproj", "{6F94E882-1DB4-5947-8D17-EA5945FA0315}"
	ProjectSection(ProjectDependencies) = postProject
		{751F9D51-589D-FA49-B6B4-DAB078B5D868} = {751F9D51-589D-FA49-B6B4-DAB078B5D868}
		{D92017B6-B96B-8048-A1AA-EC219F3A06BB} = {D92017B6-B96B-8048-A1AA-EC219F3A06BB}
		{50670400-D638-EA48-9035-B7A2B4E23256} = {50670400-D638-EA48-9035-B7A2B4E23256}
		{F84B5E84-9A20-7349-BDE0-B9E7B0D21406} = {F84B5E84-9A20-7349-BDE0-B9E7B0D21406}
		{92D1D051-14FF-D243-A7F0-2B50EC6F3B8A} = {92D1D051-14FF-D243-A7F0-2B50EC6F3B8A}
		{621F8EEC-99AE-634A-967C-F2B89072C670} = {621F8EEC-99AE-634A-967C-F2B89072C670}
		{9EFC9980-C7FC-1548-8851-0CF04D729215} = {9EFC9980-C7FC-1548-8851-0CF04D729215}
		{E164CB71-C758-A747-88CB-096F034A8C01} = {E164CB71-C758-A747-88CB-096F034A8C01}
	EndProjectSection
EndProject
Project("{8BC9CEB8-8B4A-11D0-8D11-00A0C91BC942}") = "App_PhysicsServerSharedMemoryBridgeUDP", "App_PhysicsServerSharedMemoryBridgeUDP.vcxproj", "{B0574839-49DF-C645-9008-9191227278CA}"
	ProjectSection(ProjectDependencies) = postProject
		{DF073097-C05D-6B4C-A0C3-082B67A9FB88} = {DF073097-C05D-6B4C-A0C3-082B67A9FB88}
		{1B05BAFF-D70B-9C46-B5C1-A86BF633DD47} = {1B05BAFF-D70B-9C46-B5C1-A86BF633DD47}
		{50670400-D638-EA48-9035-B7A2B4E23256} = {50670400-D638-EA48-9035-B7A2B4E23256}
		{621F8EEC-99AE-634A-967C-F2B89072C670} = {621F8EEC-99AE-634A-967C-F2B89072C670}
	EndProjectSection
EndProject
Project("{8BC9CEB8-8B4A-11D0-8D11-00A0C91BC942}") = "App_PhysicsServerUDP", "App_PhysicsServerUDP.vcxproj", "{CAE036F2-20B7-C64F-A909-C2071A540C0A}"
	ProjectSection(ProjectDependencies) = postProject
		{DF073097-C05D-6B4C-A0C3-082B67A9FB88} = {DF073097-C05D-6B4C-A0C3-082B67A9FB88}
		{50670400-D638-EA48-9035-B7A2B4E23256} = {50670400-D638-EA48-9035-B7A2B4E23256}
		{751F9D51-589D-FA49-B6B4-DAB078B5D868} = {751F9D51-589D-FA49-B6B4-DAB078B5D868}
		{D92017B6-B96B-8048-A1AA-EC219F3A06BB} = {D92017B6-B96B-8048-A1AA-EC219F3A06BB}
		{F84B5E84-9A20-7349-BDE0-B9E7B0D21406} = {F84B5E84-9A20-7349-BDE0-B9E7B0D21406}
		{92D1D051-14FF-D243-A7F0-2B50EC6F3B8A} = {92D1D051-14FF-D243-A7F0-2B50EC6F3B8A}
		{621F8EEC-99AE-634A-967C-F2B89072C670} = {621F8EEC-99AE-634A-967C-F2B89072C670}
		{E164CB71-C758-A747-88CB-096F034A8C01} = {E164CB71-C758-A747-88CB-096F034A8C01}
	EndProjectSection
EndProject
Project("{8BC9CEB8-8B4A-11D0-8D11-00A0C91BC942}") = "BussIK", "BussIK.vcxproj", "{E164CB71-C758-A747-88CB-096F034A8C01}"
EndProject
Project("{8BC9CEB8-8B4A-11D0-8D11-00A0C91BC942}") = "App_ThreadingTest", "App_ThreadingTest.vcxproj", "{387308A7-5C41-D641-89EE-A99739BAD407}"
	ProjectSection(ProjectDependencies) = postProject
		{50670400-D638-EA48-9035-B7A2B4E23256} = {50670400-D638-EA48-9035-B7A2B4E23256}
	EndProjectSection
EndProject
Project("{8BC9CEB8-8B4A-11D0-8D11-00A0C91BC942}") = "Test_SharedMemoryPhysicsClient", "Test_SharedMemoryPhysicsClient.vcxproj", "{240D9454-D702-7F46-AF2F-850AF5CFA56A}"
	ProjectSection(ProjectDependencies) = postProject
		{1B05BAFF-D70B-9C46-B5C1-A86BF633DD47} = {1B05BAFF-D70B-9C46-B5C1-A86BF633DD47}
		{50670400-D638-EA48-9035-B7A2B4E23256} = {50670400-D638-EA48-9035-B7A2B4E23256}
		{621F8EEC-99AE-634A-967C-F2B89072C670} = {621F8EEC-99AE-634A-967C-F2B89072C670}
	EndProjectSection
EndProject
Project("{8BC9CEB8-8B4A-11D0-8D11-00A0C91BC942}") = "Test_PhysicsServerLoopBack", "Test_PhysicsServerLoopBack.vcxproj", "{B1C99E1C-8D81-3F45-BA71-641E86CDFECD}"
	ProjectSection(ProjectDependencies) = postProject
		{751F9D51-589D-FA49-B6B4-DAB078B5D868} = {751F9D51-589D-FA49-B6B4-DAB078B5D868}
		{D92017B6-B96B-8048-A1AA-EC219F3A06BB} = {D92017B6-B96B-8048-A1AA-EC219F3A06BB}
		{1B05BAFF-D70B-9C46-B5C1-A86BF633DD47} = {1B05BAFF-D70B-9C46-B5C1-A86BF633DD47}
		{F403917E-E12D-C248-9630-A8993D59D2F8} = {F403917E-E12D-C248-9630-A8993D59D2F8}
		{50670400-D638-EA48-9035-B7A2B4E23256} = {50670400-D638-EA48-9035-B7A2B4E23256}
		{F84B5E84-9A20-7349-BDE0-B9E7B0D21406} = {F84B5E84-9A20-7349-BDE0-B9E7B0D21406}
		{92D1D051-14FF-D243-A7F0-2B50EC6F3B8A} = {92D1D051-14FF-D243-A7F0-2B50EC6F3B8A}
		{E164CB71-C758-A747-88CB-096F034A8C01} = {E164CB71-C758-A747-88CB-096F034A8C01}
		{621F8EEC-99AE-634A-967C-F2B89072C670} = {621F8EEC-99AE-634A-967C-F2B89072C670}
	EndProjectSection
EndProject
Project("{8BC9CEB8-8B4A-11D0-8D11-00A0C91BC942}") = "Test_PhysicsServerDirect", "Test_PhysicsServerDirect.vcxproj", "{2074320D-E8E8-2849-9BA6-44D035F5AEDB}"
	ProjectSection(ProjectDependencies) = postProject
		{751F9D51-589D-FA49-B6B4-DAB078B5D868} = {751F9D51-589D-FA49-B6B4-DAB078B5D868}
		{D92017B6-B96B-8048-A1AA-EC219F3A06BB} = {D92017B6-B96B-8048-A1AA-EC219F3A06BB}
		{1B05BAFF-D70B-9C46-B5C1-A86BF633DD47} = {1B05BAFF-D70B-9C46-B5C1-A86BF633DD47}
		{F403917E-E12D-C248-9630-A8993D59D2F8} = {F403917E-E12D-C248-9630-A8993D59D2F8}
		{50670400-D638-EA48-9035-B7A2B4E23256} = {50670400-D638-EA48-9035-B7A2B4E23256}
		{F84B5E84-9A20-7349-BDE0-B9E7B0D21406} = {F84B5E84-9A20-7349-BDE0-B9E7B0D21406}
		{92D1D051-14FF-D243-A7F0-2B50EC6F3B8A} = {92D1D051-14FF-D243-A7F0-2B50EC6F3B8A}
		{E164CB71-C758-A747-88CB-096F034A8C01} = {E164CB71-C758-A747-88CB-096F034A8C01}
		{621F8EEC-99AE-634A-967C-F2B89072C670} = {621F8EEC-99AE-634A-967C-F2B89072C670}
	EndProjectSection
EndProject
Project("{8BC9CEB8-8B4A-11D0-8D11-00A0C91BC942}") = "Test_PhysicsServerInProcessExampleBrowser", "Test_PhysicsServerInProcessExampleBrowser.vcxproj", "{4A8735A9-499C-E94C-B7D2-3B835DE8257F}"
	ProjectSection(ProjectDependencies) = postProject
		{D4F7416E-3BC1-634F-9EC8-133F6DDC1527} = {D4F7416E-3BC1-634F-9EC8-133F6DDC1527}
		{FAE78B17-82EA-D84C-BD53-B1D9F26C91FD} = {FAE78B17-82EA-D84C-BD53-B1D9F26C91FD}
		{9EFC9980-C7FC-1548-8851-0CF04D729215} = {9EFC9980-C7FC-1548-8851-0CF04D729215}
		{1B05BAFF-D70B-9C46-B5C1-A86BF633DD47} = {1B05BAFF-D70B-9C46-B5C1-A86BF633DD47}
		{F403917E-E12D-C248-9630-A8993D59D2F8} = {F403917E-E12D-C248-9630-A8993D59D2F8}
		{D4915362-E71C-1948-B18E-29BFBC4F4F03} = {D4915362-E71C-1948-B18E-29BFBC4F4F03}
		{751F9D51-589D-FA49-B6B4-DAB078B5D868} = {751F9D51-589D-FA49-B6B4-DAB078B5D868}
		{D92017B6-B96B-8048-A1AA-EC219F3A06BB} = {D92017B6-B96B-8048-A1AA-EC219F3A06BB}
		{F84B5E84-9A20-7349-BDE0-B9E7B0D21406} = {F84B5E84-9A20-7349-BDE0-B9E7B0D21406}
		{92D1D051-14FF-D243-A7F0-2B50EC6F3B8A} = {92D1D051-14FF-D243-A7F0-2B50EC6F3B8A}
		{621F8EEC-99AE-634A-967C-F2B89072C670} = {621F8EEC-99AE-634A-967C-F2B89072C670}
		{E164CB71-C758-A747-88CB-096F034A8C01} = {E164CB71-C758-A747-88CB-096F034A8C01}
		{50670400-D638-EA48-9035-B7A2B4E23256} = {50670400-D638-EA48-9035-B7A2B4E23256}
		{D9B04B04-A9B8-2947-9E49-B6BC4E5C5213} = {D9B04B04-A9B8-2947-9E49-B6BC4E5C5213}
		{F5D3C332-9EB6-6344-BEFE-5DC3630B2304} = {F5D3C332-9EB6-6344-BEFE-5DC3630B2304}
		{54992072-26DA-7344-8CCD-D8327B0E6A1D} = {54992072-26DA-7344-8CCD-D8327B0E6A1D}
		{2AA4880F-F5E5-E843-98A6-B1365B2CB11A} = {2AA4880F-F5E5-E843-98A6-B1365B2CB11A}
	EndProjectSection
EndProject
Project("{8BC9CEB8-8B4A-11D0-8D11-00A0C91BC942}") = "enet", "enet.vcxproj", "{DF073097-C05D-6B4C-A0C3-082B67A9FB88}"
EndProject
Project("{8BC9CEB8-8B4A-11D0-8D11-00A0C91BC942}") = "Test_enet_nat_punchthrough_client", "Test_enet_nat_punchthrough_client.vcxproj", "{70BE9339-3895-1B48-9782-97E6B68FCC94}"
	ProjectSection(ProjectDependencies) = postProject
		{DF073097-C05D-6B4C-A0C3-082B67A9FB88} = {DF073097-C05D-6B4C-A0C3-082B67A9FB88}
	EndProjectSection
EndProject
Project("{8BC9CEB8-8B4A-11D0-8D11-00A0C91BC942}") = "Test_enet_nat_punchthrough_server", "Test_enet_nat_punchthrough_server.vcxproj", "{246AB3FD-ABCA-D34D-83C1-222682470FDF}"
	ProjectSection(ProjectDependencies) = postProject
		{DF073097-C05D-6B4C-A0C3-082B67A9FB88} = {DF073097-C05D-6B4C-A0C3-082B67A9FB88}
	EndProjectSection
EndProject
Project("{8BC9CEB8-8B4A-11D0-8D11-00A0C91BC942}") = "Test_enet_chat_client", "Test_enet_chat_client.vcxproj", "{201AEC34-9DF4-FD4D-A9AD-19FD5DC1D98F}"
	ProjectSection(ProjectDependencies) = postProject
		{DF073097-C05D-6B4C-A0C3-082B67A9FB88} = {DF073097-C05D-6B4C-A0C3-082B67A9FB88}
	EndProjectSection
EndProject
Project("{8BC9CEB8-8B4A-11D0-8D11-00A0C91BC942}") = "Test_enet_chat_server", "Test_enet_chat_server.vcxproj", "{4DBFFA14-7FFD-AA41-8754-F8ABF4C0D315}"
	ProjectSection(ProjectDependencies) = postProject
		{DF073097-C05D-6B4C-A0C3-082B67A9FB88} = {DF073097-C05D-6B4C-A0C3-082B67A9FB88}
	EndProjectSection
EndProject
Project("{8BC9CEB8-8B4A-11D0-8D11-00A0C91BC942}") = "Bullet3Common", "Bullet3Common.vcxproj", "{50670400-D638-EA48-9035-B7A2B4E23256}"
EndProject
Project("{8BC9CEB8-8B4A-11D0-8D11-00A0C91BC942}") = "Bullet3Geometry", "Bullet3Geometry.vcxproj", "{2AA4880F-F5E5-E843-98A6-B1365B2CB11A}"
EndProject
Project("{8BC9CEB8-8B4A-11D0-8D11-00A0C91BC942}") = "Bullet3Collision", "Bullet3Collision.vcxproj", "{54992072-26DA-7344-8CCD-D8327B0E6A1D}"
EndProject
Project("{8BC9CEB8-8B4A-11D0-8D11-00A0C91BC942}") = "Bullet3Dynamics", "Bullet3Dynamics.vcxproj", "{F5D3C332-9EB6-6344-BEFE-5DC3630B2304}"
EndProject
Project("{8BC9CEB8-8B4A-11D0-8D11-00A0C91BC942}") = "Bullet3OpenCL_clew", "Bullet3OpenCL_clew.vcxproj", "{D9B04B04-A9B8-2947-9E49-B6BC4E5C5213}"
EndProject
Project("{8BC9CEB8-8B4A-11D0-8D11-00A0C91BC942}") = "Bullet2FileLoader", "Bullet2FileLoader.vcxproj", "{3B3197DF-4995-004D-8338-7679C0107728}"
EndProject
Project("{8BC9CEB8-8B4A-11D0-8D11-00A0C91BC942}") = "HACD", "HACD.vcxproj", "{2FF00713-51A4-2142-9E0B-B6CCEDFC9BA9}"
EndProject
Project("{8BC9CEB8-8B4A-11D0-8D11-00A0C91BC942}") = "vhacd", "vhacd.vcxproj", "{5E4E24FA-76D0-9A41-9C52-B10E3EAA3783}"
EndProject
Project("{8BC9CEB8-8B4A-11D0-8D11-00A0C91BC942}") = "test_vhacd", "test_vhacd.vcxproj", "{BDC0FC68-DB64-014A-AE92-1111B533659C}"
	ProjectSection(ProjectDependencies) = postProject
		{5E4E24FA-76D0-9A41-9C52-B10E3EAA3783} = {5E4E24FA-76D0-9A41-9C52-B10E3EAA3783}
	EndProjectSection
EndProject
Project("{8BC9CEB8-8B4A-11D0-8D11-00A0C91BC942}") = "ConvexDecomposition", "ConvexDecomposition.vcxproj", "{7DE92185-2623-BE47-84A1-9E0DB88F39AB}"
EndProject
Project("{8BC9CEB8-8B4A-11D0-8D11-00A0C91BC942}") = "BulletInverseDynamicsUtils", "BulletInverseDynamicsUtils.vcxproj", "{751F9D51-589D-FA49-B6B4-DAB078B5D868}"
EndProject
Project("{8BC9CEB8-8B4A-11D0-8D11-00A0C91BC942}") = "BulletFileLoader", "BulletFileLoader.vcxproj", "{1B05BAFF-D70B-9C46-B5C1-A86BF633DD47}"
EndProject
Project("{8BC9CEB8-8B4A-11D0-8D11-00A0C91BC942}") = "BulletWorldImporter", "BulletWorldImporter.vcxproj", "{F403917E-E12D-C248-9630-A8993D59D2F8}"
EndProject
Project("{8BC9CEB8-8B4A-11D0-8D11-00A0C91BC942}") = "BulletXmlWorldImporter", "BulletXmlWorldImporter.vcxproj", "{5B915483-5B93-CD4B-8226-6F81B44EF950}"
EndProject
Project("{8BC9CEB8-8B4A-11D0-8D11-00A0C91BC942}") = "Test_LinearMath", "Test_LinearMath.vcxproj", "{1211C0BB-2803-5142-86DC-224112AE5EB8}"
	ProjectSection(ProjectDependencies) = postProject
		{F84B5E84-9A20-7349-BDE0-B9E7B0D21406} = {F84B5E84-9A20-7349-BDE0-B9E7B0D21406}
		{92D1D051-14FF-D243-A7F0-2B50EC6F3B8A} = {92D1D051-14FF-D243-A7F0-2B50EC6F3B8A}
		{621F8EEC-99AE-634A-967C-F2B89072C670} = {621F8EEC-99AE-634A-967C-F2B89072C670}
	EndProjectSection
EndProject
Project("{8BC9CEB8-8B4A-11D0-8D11-00A0C91BC942}") = "gtest", "gtest.vcxproj", "{397F9637-D300-AA4B-B64A-8F4E9AB7E457}"
EndProject
Project("{8BC9CEB8-8B4A-11D0-8D11-00A0C91BC942}") = "Test_BulletCollision", "Test_BulletCollision.vcxproj", "{739591D1-DE08-874F-9174-02E6082E938A}"
	ProjectSection(ProjectDependencies) = postProject
		{621F8EEC-99AE-634A-967C-F2B89072C670} = {621F8EEC-99AE-634A-967C-F2B89072C670}
		{397F9637-D300-AA4B-B64A-8F4E9AB7E457} = {397F9637-D300-AA4B-B64A-8F4E9AB7E457}
	EndProjectSection
EndProject
Project("{8BC9CEB8-8B4A-11D0-8D11-00A0C91BC942}") = "Test_BulletDynamics", "Test_BulletDynamics.vcxproj", "{D733E9D2-8C3E-884C-A760-0D4CAADCFC3D}"
	ProjectSection(ProjectDependencies) = postProject
		{F84B5E84-9A20-7349-BDE0-B9E7B0D21406} = {F84B5E84-9A20-7349-BDE0-B9E7B0D21406}
		{92D1D051-14FF-D243-A7F0-2B50EC6F3B8A} = {92D1D051-14FF-D243-A7F0-2B50EC6F3B8A}
		{621F8EEC-99AE-634A-967C-F2B89072C670} = {621F8EEC-99AE-634A-967C-F2B89072C670}
		{397F9637-D300-AA4B-B64A-8F4E9AB7E457} = {397F9637-D300-AA4B-B64A-8F4E9AB7E457}
	EndProjectSection
EndProject
Project("{8BC9CEB8-8B4A-11D0-8D11-00A0C91BC942}") = "Test_InverseDynamicsKinematics", "Test_InverseDynamicsKinematics.vcxproj", "{A1897D5B-BE08-2041-B95B-66A1E35E265E}"
	ProjectSection(ProjectDependencies) = postProject
		{751F9D51-589D-FA49-B6B4-DAB078B5D868} = {751F9D51-589D-FA49-B6B4-DAB078B5D868}
		{D92017B6-B96B-8048-A1AA-EC219F3A06BB} = {D92017B6-B96B-8048-A1AA-EC219F3A06BB}
		{50670400-D638-EA48-9035-B7A2B4E23256} = {50670400-D638-EA48-9035-B7A2B4E23256}
		{621F8EEC-99AE-634A-967C-F2B89072C670} = {621F8EEC-99AE-634A-967C-F2B89072C670}
		{397F9637-D300-AA4B-B64A-8F4E9AB7E457} = {397F9637-D300-AA4B-B64A-8F4E9AB7E457}
	EndProjectSection
EndProject
Project("{8BC9CEB8-8B4A-11D0-8D11-00A0C91BC942}") = "Test_InverseDynamicsJacobian", "Test_InverseDynamicsJacobian.vcxproj", "{782B90AD-0F75-9447-B06C-3E63E13E007B}"
	ProjectSection(ProjectDependencies) = postProject
		{751F9D51-589D-FA49-B6B4-DAB078B5D868} = {751F9D51-589D-FA49-B6B4-DAB078B5D868}
		{D92017B6-B96B-8048-A1AA-EC219F3A06BB} = {D92017B6-B96B-8048-A1AA-EC219F3A06BB}
		{50670400-D638-EA48-9035-B7A2B4E23256} = {50670400-D638-EA48-9035-B7A2B4E23256}
		{621F8EEC-99AE-634A-967C-F2B89072C670} = {621F8EEC-99AE-634A-967C-F2B89072C670}
		{397F9637-D300-AA4B-B64A-8F4E9AB7E457} = {397F9637-D300-AA4B-B64A-8F4E9AB7E457}
	EndProjectSection
EndProject
Project("{8BC9CEB8-8B4A-11D0-8D11-00A0C91BC942}") = "Test_InverseForwardDynamics", "Test_InverseForwardDynamics.vcxproj", "{4289D75E-D95D-664E-9272-B435559C6214}"
	ProjectSection(ProjectDependencies) = postProject
		{F84B5E84-9A20-7349-BDE0-B9E7B0D21406} = {F84B5E84-9A20-7349-BDE0-B9E7B0D21406}
		{92D1D051-14FF-D243-A7F0-2B50EC6F3B8A} = {92D1D051-14FF-D243-A7F0-2B50EC6F3B8A}
		{751F9D51-589D-FA49-B6B4-DAB078B5D868} = {751F9D51-589D-FA49-B6B4-DAB078B5D868}
		{D92017B6-B96B-8048-A1AA-EC219F3A06BB} = {D92017B6-B96B-8048-A1AA-EC219F3A06BB}
		{50670400-D638-EA48-9035-B7A2B4E23256} = {50670400-D638-EA48-9035-B7A2B4E23256}
		{621F8EEC-99AE-634A-967C-F2B89072C670} = {621F8EEC-99AE-634A-967C-F2B89072C670}
		{397F9637-D300-AA4B-B64A-8F4E9AB7E457} = {397F9637-D300-AA4B-B64A-8F4E9AB7E457}
	EndProjectSection
EndProject
Project("{8BC9CEB8-8B4A-11D0-8D11-00A0C91BC942}") = "Test_OpenCL_Bullet3", "Test_OpenCL_Bullet3.vcxproj", "{22B36F8C-428F-F340-87F7-D16DC99ACACD}"
	ProjectSection(ProjectDependencies) = postProject
		{397F9637-D300-AA4B-B64A-8F4E9AB7E457} = {397F9637-D300-AA4B-B64A-8F4E9AB7E457}
		{D9B04B04-A9B8-2947-9E49-B6BC4E5C5213} = {D9B04B04-A9B8-2947-9E49-B6BC4E5C5213}
		{50670400-D638-EA48-9035-B7A2B4E23256} = {50670400-D638-EA48-9035-B7A2B4E23256}
	EndProjectSection
EndProject
Project("{8BC9CEB8-8B4A-11D0-8D11-00A0C91BC942}") = "Test_Gwen_OpenGL", "Test_Gwen_OpenGL.vcxproj", "{DD931416-4F3A-B047-8DF4-7FE7252038E2}"
	ProjectSection(ProjectDependencies) = postProject
		{FAE78B17-82EA-D84C-BD53-B1D9F26C91FD} = {FAE78B17-82EA-D84C-BD53-B1D9F26C91FD}
	EndProjectSection
EndProject
Project("{8BC9CEB8-8B4A-11D0-8D11-00A0C91BC942}") = "BulletInverseDynamics", "BulletInverseDynamics.vcxproj", "{D92017B6-B96B-8048-A1AA-EC219F3A06BB}"
EndProject
Project("{8BC9CEB8-8B4A-11D0-8D11-00A0C91BC942}") = "BulletSoftBody", "BulletSoftBody.vcxproj", "{D4915362-E71C-1948-B18E-29BFBC4F4F03}"
EndProject
Project("{8BC9CEB8-8B4A-11D0-8D11-00A0C91BC942}") = "BulletDynamics", "BulletDynamics.vcxproj", "{F84B5E84-9A20-7349-BDE0-B9E7B0D21406}"
EndProject
Project("{8BC9CEB8-8B4A-11D0-8D11-00A0C91BC942}") = "BulletCollision", "BulletCollision.vcxproj", "{92D1D051-14FF-D243-A7F0-2B50EC6F3B8A}"
EndProject
Project("{8BC9CEB8-8B4A-11D0-8D11-00A0C91BC942}") = "LinearMath", "LinearMath.vcxproj", "{621F8EEC-99AE-634A-967C-F2B89072C670}"
EndProject
Global
	GlobalSection(SolutionConfigurationPlatforms) = preSolution
		Release|Win32 = Release|Win32
		Release|x64 = Release|x64
		Debug|Win32 = Debug|Win32
		Debug|x64 = Debug|x64
	EndGlobalSection
	GlobalSection(ProjectConfigurationPlatforms) = postSolution
		{8E44FFB8-DFCB-624C-86A8-E4F387303C18}.Release|Win32.ActiveCfg = Release|Win32
		{8E44FFB8-DFCB-624C-86A8-E4F387303C18}.Release|Win32.Build.0 = Release|Win32
		{8E44FFB8-DFCB-624C-86A8-E4F387303C18}.Release|x64.ActiveCfg = Release|x64
		{8E44FFB8-DFCB-624C-86A8-E4F387303C18}.Release|x64.Build.0 = Release|x64
		{8E44FFB8-DFCB-624C-86A8-E4F387303C18}.Debug|Win32.ActiveCfg = Debug|Win32
		{8E44FFB8-DFCB-624C-86A8-E4F387303C18}.Debug|Win32.Build.0 = Debug|Win32
		{8E44FFB8-DFCB-624C-86A8-E4F387303C18}.Debug|x64.ActiveCfg = Debug|x64
		{8E44FFB8-DFCB-624C-86A8-E4F387303C18}.Debug|x64.Build.0 = Debug|x64
		{D4F7416E-3BC1-634F-9EC8-133F6DDC1527}.Release|Win32.ActiveCfg = Release|Win32
		{D4F7416E-3BC1-634F-9EC8-133F6DDC1527}.Release|Win32.Build.0 = Release|Win32
		{D4F7416E-3BC1-634F-9EC8-133F6DDC1527}.Release|x64.ActiveCfg = Release|x64
		{D4F7416E-3BC1-634F-9EC8-133F6DDC1527}.Release|x64.Build.0 = Release|x64
		{D4F7416E-3BC1-634F-9EC8-133F6DDC1527}.Debug|Win32.ActiveCfg = Debug|Win32
		{D4F7416E-3BC1-634F-9EC8-133F6DDC1527}.Debug|Win32.Build.0 = Debug|Win32
		{D4F7416E-3BC1-634F-9EC8-133F6DDC1527}.Debug|x64.ActiveCfg = Debug|x64
		{D4F7416E-3BC1-634F-9EC8-133F6DDC1527}.Debug|x64.Build.0 = Debug|x64
		{9EFC9980-C7FC-1548-8851-0CF04D729215}.Release|Win32.ActiveCfg = Release|Win32
		{9EFC9980-C7FC-1548-8851-0CF04D729215}.Release|Win32.Build.0 = Release|Win32
		{9EFC9980-C7FC-1548-8851-0CF04D729215}.Release|x64.ActiveCfg = Release|x64
		{9EFC9980-C7FC-1548-8851-0CF04D729215}.Release|x64.Build.0 = Release|x64
		{9EFC9980-C7FC-1548-8851-0CF04D729215}.Debug|Win32.ActiveCfg = Debug|Win32
		{9EFC9980-C7FC-1548-8851-0CF04D729215}.Debug|Win32.Build.0 = Debug|Win32
		{9EFC9980-C7FC-1548-8851-0CF04D729215}.Debug|x64.ActiveCfg = Debug|x64
		{9EFC9980-C7FC-1548-8851-0CF04D729215}.Debug|x64.Build.0 = Debug|x64
		{FAE78B17-82EA-D84C-BD53-B1D9F26C91FD}.Release|Win32.ActiveCfg = Release|Win32
		{FAE78B17-82EA-D84C-BD53-B1D9F26C91FD}.Release|Win32.Build.0 = Release|Win32
		{FAE78B17-82EA-D84C-BD53-B1D9F26C91FD}.Release|x64.ActiveCfg = Release|x64
		{FAE78B17-82EA-D84C-BD53-B1D9F26C91FD}.Release|x64.Build.0 = Release|x64
		{FAE78B17-82EA-D84C-BD53-B1D9F26C91FD}.Debug|Win32.ActiveCfg = Debug|Win32
		{FAE78B17-82EA-D84C-BD53-B1D9F26C91FD}.Debug|Win32.Build.0 = Debug|Win32
		{FAE78B17-82EA-D84C-BD53-B1D9F26C91FD}.Debug|x64.ActiveCfg = Debug|x64
		{FAE78B17-82EA-D84C-BD53-B1D9F26C91FD}.Debug|x64.Build.0 = Debug|x64
		{5572D24C-8D7C-2843-874D-5D28FB8DAB00}.Release|Win32.ActiveCfg = Release|Win32
		{5572D24C-8D7C-2843-874D-5D28FB8DAB00}.Release|Win32.Build.0 = Release|Win32
		{5572D24C-8D7C-2843-874D-5D28FB8DAB00}.Release|x64.ActiveCfg = Release|x64
		{5572D24C-8D7C-2843-874D-5D28FB8DAB00}.Release|x64.Build.0 = Release|x64
		{5572D24C-8D7C-2843-874D-5D28FB8DAB00}.Debug|Win32.ActiveCfg = Debug|Win32
		{5572D24C-8D7C-2843-874D-5D28FB8DAB00}.Debug|Win32.Build.0 = Debug|Win32
		{5572D24C-8D7C-2843-874D-5D28FB8DAB00}.Debug|x64.ActiveCfg = Debug|x64
		{5572D24C-8D7C-2843-874D-5D28FB8DAB00}.Debug|x64.Build.0 = Debug|x64
		{E38BA7C1-3804-744E-BF17-6D1F7052FF0B}.Release|Win32.ActiveCfg = Release|Win32
		{E38BA7C1-3804-744E-BF17-6D1F7052FF0B}.Release|Win32.Build.0 = Release|Win32
		{E38BA7C1-3804-744E-BF17-6D1F7052FF0B}.Release|x64.ActiveCfg = Release|x64
		{E38BA7C1-3804-744E-BF17-6D1F7052FF0B}.Release|x64.Build.0 = Release|x64
		{E38BA7C1-3804-744E-BF17-6D1F7052FF0B}.Debug|Win32.ActiveCfg = Debug|Win32
		{E38BA7C1-3804-744E-BF17-6D1F7052FF0B}.Debug|Win32.Build.0 = Debug|Win32
		{E38BA7C1-3804-744E-BF17-6D1F7052FF0B}.Debug|x64.ActiveCfg = Debug|x64
		{E38BA7C1-3804-744E-BF17-6D1F7052FF0B}.Debug|x64.Build.0 = Debug|x64
		{6BED7EDB-8D55-884A-A418-C12C44BEC397}.Release|Win32.ActiveCfg = Release|Win32
		{6BED7EDB-8D55-884A-A418-C12C44BEC397}.Release|Win32.Build.0 = Release|Win32
		{6BED7EDB-8D55-884A-A418-C12C44BEC397}.Release|x64.ActiveCfg = Release|x64
		{6BED7EDB-8D55-884A-A418-C12C44BEC397}.Release|x64.Build.0 = Release|x64
		{6BED7EDB-8D55-884A-A418-C12C44BEC397}.Debug|Win32.ActiveCfg = Debug|Win32
		{6BED7EDB-8D55-884A-A418-C12C44BEC397}.Debug|Win32.Build.0 = Debug|Win32
		{6BED7EDB-8D55-884A-A418-C12C44BEC397}.Debug|x64.ActiveCfg = Debug|x64
		{6BED7EDB-8D55-884A-A418-C12C44BEC397}.Debug|x64.Build.0 = Debug|x64
		{BF63BEC8-D593-FF42-B3EF-F6F55D353EE3}.Release|Win32.ActiveCfg = Release|Win32
		{BF63BEC8-D593-FF42-B3EF-F6F55D353EE3}.Release|Win32.Build.0 = Release|Win32
		{BF63BEC8-D593-FF42-B3EF-F6F55D353EE3}.Release|x64.ActiveCfg = Release|x64
		{BF63BEC8-D593-FF42-B3EF-F6F55D353EE3}.Release|x64.Build.0 = Release|x64
		{BF63BEC8-D593-FF42-B3EF-F6F55D353EE3}.Debug|Win32.ActiveCfg = Debug|Win32
		{BF63BEC8-D593-FF42-B3EF-F6F55D353EE3}.Debug|Win32.Build.0 = Debug|Win32
		{BF63BEC8-D593-FF42-B3EF-F6F55D353EE3}.Debug|x64.ActiveCfg = Debug|x64
		{BF63BEC8-D593-FF42-B3EF-F6F55D353EE3}.Debug|x64.Build.0 = Debug|x64
		{718E2BB9-1F0A-A645-9DC6-C7AA6B5CC73B}.Release|Win32.ActiveCfg = Release|Win32
		{718E2BB9-1F0A-A645-9DC6-C7AA6B5CC73B}.Release|Win32.Build.0 = Release|Win32
		{718E2BB9-1F0A-A645-9DC6-C7AA6B5CC73B}.Release|x64.ActiveCfg = Release|x64
		{718E2BB9-1F0A-A645-9DC6-C7AA6B5CC73B}.Release|x64.Build.0 = Release|x64
		{718E2BB9-1F0A-A645-9DC6-C7AA6B5CC73B}.Debug|Win32.ActiveCfg = Debug|Win32
		{718E2BB9-1F0A-A645-9DC6-C7AA6B5CC73B}.Debug|Win32.Build.0 = Debug|Win32
		{718E2BB9-1F0A-A645-9DC6-C7AA6B5CC73B}.Debug|x64.ActiveCfg = Debug|x64
		{718E2BB9-1F0A-A645-9DC6-C7AA6B5CC73B}.Debug|x64.Build.0 = Debug|x64
		{F17DF650-3BCA-674B-BF86-ECE3270DEC46}.Release|Win32.ActiveCfg = Release|Win32
		{F17DF650-3BCA-674B-BF86-ECE3270DEC46}.Release|Win32.Build.0 = Release|Win32
		{F17DF650-3BCA-674B-BF86-ECE3270DEC46}.Release|x64.ActiveCfg = Release|x64
		{F17DF650-3BCA-674B-BF86-ECE3270DEC46}.Release|x64.Build.0 = Release|x64
		{F17DF650-3BCA-674B-BF86-ECE3270DEC46}.Debug|Win32.ActiveCfg = Debug|Win32
		{F17DF650-3BCA-674B-BF86-ECE3270DEC46}.Debug|Win32.Build.0 = Debug|Win32
		{F17DF650-3BCA-674B-BF86-ECE3270DEC46}.Debug|x64.ActiveCfg = Debug|x64
		{F17DF650-3BCA-674B-BF86-ECE3270DEC46}.Debug|x64.Build.0 = Debug|x64
		{35273F2F-51A0-9C4D-8EA9-B5550A92C7EA}.Release|Win32.ActiveCfg = Release|Win32
		{35273F2F-51A0-9C4D-8EA9-B5550A92C7EA}.Release|Win32.Build.0 = Release|Win32
		{35273F2F-51A0-9C4D-8EA9-B5550A92C7EA}.Release|x64.ActiveCfg = Release|x64
		{35273F2F-51A0-9C4D-8EA9-B5550A92C7EA}.Release|x64.Build.0 = Release|x64
		{35273F2F-51A0-9C4D-8EA9-B5550A92C7EA}.Debug|Win32.ActiveCfg = Debug|Win32
		{35273F2F-51A0-9C4D-8EA9-B5550A92C7EA}.Debug|Win32.Build.0 = Debug|Win32
		{35273F2F-51A0-9C4D-8EA9-B5550A92C7EA}.Debug|x64.ActiveCfg = Debug|x64
		{35273F2F-51A0-9C4D-8EA9-B5550A92C7EA}.Debug|x64.Build.0 = Debug|x64
		{62900015-68BE-914C-8E35-194247768FF2}.Release|Win32.ActiveCfg = Release|Win32
		{62900015-68BE-914C-8E35-194247768FF2}.Release|Win32.Build.0 = Release|Win32
		{62900015-68BE-914C-8E35-194247768FF2}.Release|x64.ActiveCfg = Release|x64
		{62900015-68BE-914C-8E35-194247768FF2}.Release|x64.Build.0 = Release|x64
		{62900015-68BE-914C-8E35-194247768FF2}.Debug|Win32.ActiveCfg = Debug|Win32
		{62900015-68BE-914C-8E35-194247768FF2}.Debug|Win32.Build.0 = Debug|Win32
		{62900015-68BE-914C-8E35-194247768FF2}.Debug|x64.ActiveCfg = Debug|x64
		{62900015-68BE-914C-8E35-194247768FF2}.Debug|x64.Build.0 = Debug|x64
		{20AFDC24-07C3-9045-8B11-74692662B5BA}.Release|Win32.ActiveCfg = Release|Win32
		{20AFDC24-07C3-9045-8B11-74692662B5BA}.Release|Win32.Build.0 = Release|Win32
		{20AFDC24-07C3-9045-8B11-74692662B5BA}.Release|x64.ActiveCfg = Release|x64
		{20AFDC24-07C3-9045-8B11-74692662B5BA}.Release|x64.Build.0 = Release|x64
		{20AFDC24-07C3-9045-8B11-74692662B5BA}.Debug|Win32.ActiveCfg = Debug|Win32
		{20AFDC24-07C3-9045-8B11-74692662B5BA}.Debug|Win32.Build.0 = Debug|Win32
		{20AFDC24-07C3-9045-8B11-74692662B5BA}.Debug|x64.ActiveCfg = Debug|x64
		{20AFDC24-07C3-9045-8B11-74692662B5BA}.Debug|x64.Build.0 = Debug|x64
		{C2B583E2-19BB-5D4F-B6CF-10E57D453C3D}.Release|Win32.ActiveCfg = Release|Win32
		{C2B583E2-19BB-5D4F-B6CF-10E57D453C3D}.Release|Win32.Build.0 = Release|Win32
		{C2B583E2-19BB-5D4F-B6CF-10E57D453C3D}.Release|x64.ActiveCfg = Release|x64
		{C2B583E2-19BB-5D4F-B6CF-10E57D453C3D}.Release|x64.Build.0 = Release|x64
		{C2B583E2-19BB-5D4F-B6CF-10E57D453C3D}.Debug|Win32.ActiveCfg = Debug|Win32
		{C2B583E2-19BB-5D4F-B6CF-10E57D453C3D}.Debug|Win32.Build.0 = Debug|Win32
		{C2B583E2-19BB-5D4F-B6CF-10E57D453C3D}.Debug|x64.ActiveCfg = Debug|x64
		{C2B583E2-19BB-5D4F-B6CF-10E57D453C3D}.Debug|x64.Build.0 = Debug|x64
		{401C002C-60A7-8140-9541-423FB0F12805}.Release|Win32.ActiveCfg = Release|Win32
		{401C002C-60A7-8140-9541-423FB0F12805}.Release|Win32.Build.0 = Release|Win32
		{401C002C-60A7-8140-9541-423FB0F12805}.Release|x64.ActiveCfg = Release|x64
		{401C002C-60A7-8140-9541-423FB0F12805}.Release|x64.Build.0 = Release|x64
		{401C002C-60A7-8140-9541-423FB0F12805}.Debug|Win32.ActiveCfg = Debug|Win32
		{401C002C-60A7-8140-9541-423FB0F12805}.Debug|Win32.Build.0 = Debug|Win32
		{401C002C-60A7-8140-9541-423FB0F12805}.Debug|x64.ActiveCfg = Debug|x64
		{401C002C-60A7-8140-9541-423FB0F12805}.Debug|x64.Build.0 = Debug|x64
		{AAAB14ED-72E5-B140-B247-4D28C5FA09C4}.Release|Win32.ActiveCfg = Release|Win32
		{AAAB14ED-72E5-B140-B247-4D28C5FA09C4}.Release|Win32.Build.0 = Release|Win32
		{AAAB14ED-72E5-B140-B247-4D28C5FA09C4}.Release|x64.ActiveCfg = Release|x64
		{AAAB14ED-72E5-B140-B247-4D28C5FA09C4}.Release|x64.Build.0 = Release|x64
		{AAAB14ED-72E5-B140-B247-4D28C5FA09C4}.Debug|Win32.ActiveCfg = Debug|Win32
		{AAAB14ED-72E5-B140-B247-4D28C5FA09C4}.Debug|Win32.Build.0 = Debug|Win32
		{AAAB14ED-72E5-B140-B247-4D28C5FA09C4}.Debug|x64.ActiveCfg = Debug|x64
		{AAAB14ED-72E5-B140-B247-4D28C5FA09C4}.Debug|x64.Build.0 = Debug|x64
		{7C3EF2A9-2A75-694F-8722-19EB11690DB1}.Release|Win32.ActiveCfg = Release|Win32
		{7C3EF2A9-2A75-694F-8722-19EB11690DB1}.Release|Win32.Build.0 = Release|Win32
		{7C3EF2A9-2A75-694F-8722-19EB11690DB1}.Release|x64.ActiveCfg = Release|x64
		{7C3EF2A9-2A75-694F-8722-19EB11690DB1}.Release|x64.Build.0 = Release|x64
		{7C3EF2A9-2A75-694F-8722-19EB11690DB1}.Debug|Win32.ActiveCfg = Debug|Win32
		{7C3EF2A9-2A75-694F-8722-19EB11690DB1}.Debug|Win32.Build.0 = Debug|Win32
		{7C3EF2A9-2A75-694F-8722-19EB11690DB1}.Debug|x64.ActiveCfg = Debug|x64
		{7C3EF2A9-2A75-694F-8722-19EB11690DB1}.Debug|x64.Build.0 = Debug|x64
		{EBF70D2F-C0B2-3A4C-8D99-C520E23528DE}.Release|Win32.ActiveCfg = Release|Win32
		{EBF70D2F-C0B2-3A4C-8D99-C520E23528DE}.Release|Win32.Build.0 = Release|Win32
		{EBF70D2F-C0B2-3A4C-8D99-C520E23528DE}.Release|x64.ActiveCfg = Release|x64
		{EBF70D2F-C0B2-3A4C-8D99-C520E23528DE}.Release|x64.Build.0 = Release|x64
		{EBF70D2F-C0B2-3A4C-8D99-C520E23528DE}.Debug|Win32.ActiveCfg = Debug|Win32
		{EBF70D2F-C0B2-3A4C-8D99-C520E23528DE}.Debug|Win32.Build.0 = Debug|Win32
		{EBF70D2F-C0B2-3A4C-8D99-C520E23528DE}.Debug|x64.ActiveCfg = Debug|x64
		{EBF70D2F-C0B2-3A4C-8D99-C520E23528DE}.Debug|x64.Build.0 = Debug|x64
		{36237D1C-FD52-FA4D-BC07-45460F72CE44}.Release|Win32.ActiveCfg = Release|Win32
		{36237D1C-FD52-FA4D-BC07-45460F72CE44}.Release|Win32.Build.0 = Release|Win32
		{36237D1C-FD52-FA4D-BC07-45460F72CE44}.Release|x64.ActiveCfg = Release|x64
		{36237D1C-FD52-FA4D-BC07-45460F72CE44}.Release|x64.Build.0 = Release|x64
		{36237D1C-FD52-FA4D-BC07-45460F72CE44}.Debug|Win32.ActiveCfg = Debug|Win32
		{36237D1C-FD52-FA4D-BC07-45460F72CE44}.Debug|Win32.Build.0 = Debug|Win32
		{36237D1C-FD52-FA4D-BC07-45460F72CE44}.Debug|x64.ActiveCfg = Debug|x64
		{36237D1C-FD52-FA4D-BC07-45460F72CE44}.Debug|x64.Build.0 = Debug|x64
		{F36EFC4A-7C79-C644-A515-AED917DD73AA}.Release|Win32.ActiveCfg = Release|Win32
		{F36EFC4A-7C79-C644-A515-AED917DD73AA}.Release|Win32.Build.0 = Release|Win32
		{F36EFC4A-7C79-C644-A515-AED917DD73AA}.Release|x64.ActiveCfg = Release|x64
		{F36EFC4A-7C79-C644-A515-AED917DD73AA}.Release|x64.Build.0 = Release|x64
		{F36EFC4A-7C79-C644-A515-AED917DD73AA}.Debug|Win32.ActiveCfg = Debug|Win32
		{F36EFC4A-7C79-C644-A515-AED917DD73AA}.Debug|Win32.Build.0 = Debug|Win32
		{F36EFC4A-7C79-C644-A515-AED917DD73AA}.Debug|x64.ActiveCfg = Debug|x64
		{F36EFC4A-7C79-C644-A515-AED917DD73AA}.Debug|x64.Build.0 = Debug|x64
		{87E6ACB3-B9C1-AF4F-9B84-DEDD9BBAD0DB}.Release|Win32.ActiveCfg = Release|Win32
		{87E6ACB3-B9C1-AF4F-9B84-DEDD9BBAD0DB}.Release|Win32.Build.0 = Release|Win32
		{87E6ACB3-B9C1-AF4F-9B84-DEDD9BBAD0DB}.Release|x64.ActiveCfg = Release|x64
		{87E6ACB3-B9C1-AF4F-9B84-DEDD9BBAD0DB}.Release|x64.Build.0 = Release|x64
		{87E6ACB3-B9C1-AF4F-9B84-DEDD9BBAD0DB}.Debug|Win32.ActiveCfg = Debug|Win32
		{87E6ACB3-B9C1-AF4F-9B84-DEDD9BBAD0DB}.Debug|Win32.Build.0 = Debug|Win32
		{87E6ACB3-B9C1-AF4F-9B84-DEDD9BBAD0DB}.Debug|x64.ActiveCfg = Debug|x64
		{87E6ACB3-B9C1-AF4F-9B84-DEDD9BBAD0DB}.Debug|x64.Build.0 = Debug|x64
		{6F94E882-1DB4-5947-8D17-EA5945FA0315}.Release|Win32.ActiveCfg = Release|Win32
		{6F94E882-1DB4-5947-8D17-EA5945FA0315}.Release|Win32.Build.0 = Release|Win32
		{6F94E882-1DB4-5947-8D17-EA5945FA0315}.Release|x64.ActiveCfg = Release|x64
		{6F94E882-1DB4-5947-8D17-EA5945FA0315}.Release|x64.Build.0 = Release|x64
		{6F94E882-1DB4-5947-8D17-EA5945FA0315}.Debug|Win32.ActiveCfg = Debug|Win32
		{6F94E882-1DB4-5947-8D17-EA5945FA0315}.Debug|Win32.Build.0 = Debug|Win32
		{6F94E882-1DB4-5947-8D17-EA5945FA0315}.Debug|x64.ActiveCfg = Debug|x64
		{6F94E882-1DB4-5947-8D17-EA5945FA0315}.Debug|x64.Build.0 = Debug|x64
		{B0574839-49DF-C645-9008-9191227278CA}.Release|Win32.ActiveCfg = Release|Win32
		{B0574839-49DF-C645-9008-9191227278CA}.Release|Win32.Build.0 = Release|Win32
		{B0574839-49DF-C645-9008-9191227278CA}.Release|x64.ActiveCfg = Release|x64
		{B0574839-49DF-C645-9008-9191227278CA}.Release|x64.Build.0 = Release|x64
		{B0574839-49DF-C645-9008-9191227278CA}.Debug|Win32.ActiveCfg = Debug|Win32
		{B0574839-49DF-C645-9008-9191227278CA}.Debug|Win32.Build.0 = Debug|Win32
		{B0574839-49DF-C645-9008-9191227278CA}.Debug|x64.ActiveCfg = Debug|x64
		{B0574839-49DF-C645-9008-9191227278CA}.Debug|x64.Build.0 = Debug|x64
		{CAE036F2-20B7-C64F-A909-C2071A540C0A}.Release|Win32.ActiveCfg = Release|Win32
		{CAE036F2-20B7-C64F-A909-C2071A540C0A}.Release|Win32.Build.0 = Release|Win32
		{CAE036F2-20B7-C64F-A909-C2071A540C0A}.Release|x64.ActiveCfg = Release|x64
		{CAE036F2-20B7-C64F-A909-C2071A540C0A}.Release|x64.Build.0 = Release|x64
		{CAE036F2-20B7-C64F-A909-C2071A540C0A}.Debug|Win32.ActiveCfg = Debug|Win32
		{CAE036F2-20B7-C64F-A909-C2071A540C0A}.Debug|Win32.Build.0 = Debug|Win32
		{CAE036F2-20B7-C64F-A909-C2071A540C0A}.Debug|x64.ActiveCfg = Debug|x64
		{CAE036F2-20B7-C64F-A909-C2071A540C0A}.Debug|x64.Build.0 = Debug|x64
		{E164CB71-C758-A747-88CB-096F034A8C01}.Release|Win32.ActiveCfg = Release|Win32
		{E164CB71-C758-A747-88CB-096F034A8C01}.Release|Win32.Build.0 = Release|Win32
		{E164CB71-C758-A747-88CB-096F034A8C01}.Release|x64.ActiveCfg = Release|x64
		{E164CB71-C758-A747-88CB-096F034A8C01}.Release|x64.Build.0 = Release|x64
		{E164CB71-C758-A747-88CB-096F034A8C01}.Debug|Win32.ActiveCfg = Debug|Win32
		{E164CB71-C758-A747-88CB-096F034A8C01}.Debug|Win32.Build.0 = Debug|Win32
		{E164CB71-C758-A747-88CB-096F034A8C01}.Debug|x64.ActiveCfg = Debug|x64
		{E164CB71-C758-A747-88CB-096F034A8C01}.Debug|x64.Build.0 = Debug|x64
		{387308A7-5C41-D641-89EE-A99739BAD407}.Release|Win32.ActiveCfg = Release|Win32
		{387308A7-5C41-D641-89EE-A99739BAD407}.Release|Win32.Build.0 = Release|Win32
		{387308A7-5C41-D641-89EE-A99739BAD407}.Release|x64.ActiveCfg = Release|x64
		{387308A7-5C41-D641-89EE-A99739BAD407}.Release|x64.Build.0 = Release|x64
		{387308A7-5C41-D641-89EE-A99739BAD407}.Debug|Win32.ActiveCfg = Debug|Win32
		{387308A7-5C41-D641-89EE-A99739BAD407}.Debug|Win32.Build.0 = Debug|Win32
		{387308A7-5C41-D641-89EE-A99739BAD407}.Debug|x64.ActiveCfg = Debug|x64
		{387308A7-5C41-D641-89EE-A99739BAD407}.Debug|x64.Build.0 = Debug|x64
		{240D9454-D702-7F46-AF2F-850AF5CFA56A}.Release|Win32.ActiveCfg = Release|Win32
		{240D9454-D702-7F46-AF2F-850AF5CFA56A}.Release|Win32.Build.0 = Release|Win32
		{240D9454-D702-7F46-AF2F-850AF5CFA56A}.Release|x64.ActiveCfg = Release|x64
		{240D9454-D702-7F46-AF2F-850AF5CFA56A}.Release|x64.Build.0 = Release|x64
		{240D9454-D702-7F46-AF2F-850AF5CFA56A}.Debug|Win32.ActiveCfg = Debug|Win32
		{240D9454-D702-7F46-AF2F-850AF5CFA56A}.Debug|Win32.Build.0 = Debug|Win32
		{240D9454-D702-7F46-AF2F-850AF5CFA56A}.Debug|x64.ActiveCfg = Debug|x64
		{240D9454-D702-7F46-AF2F-850AF5CFA56A}.Debug|x64.Build.0 = Debug|x64
		{B1C99E1C-8D81-3F45-BA71-641E86CDFECD}.Release|Win32.ActiveCfg = Release|Win32
		{B1C99E1C-8D81-3F45-BA71-641E86CDFECD}.Release|Win32.Build.0 = Release|Win32
		{B1C99E1C-8D81-3F45-BA71-641E86CDFECD}.Release|x64.ActiveCfg = Release|x64
		{B1C99E1C-8D81-3F45-BA71-641E86CDFECD}.Release|x64.Build.0 = Release|x64
		{B1C99E1C-8D81-3F45-BA71-641E86CDFECD}.Debug|Win32.ActiveCfg = Debug|Win32
		{B1C99E1C-8D81-3F45-BA71-641E86CDFECD}.Debug|Win32.Build.0 = Debug|Win32
		{B1C99E1C-8D81-3F45-BA71-641E86CDFECD}.Debug|x64.ActiveCfg = Debug|x64
		{B1C99E1C-8D81-3F45-BA71-641E86CDFECD}.Debug|x64.Build.0 = Debug|x64
		{2074320D-E8E8-2849-9BA6-44D035F5AEDB}.Release|Win32.ActiveCfg = Release|Win32
		{2074320D-E8E8-2849-9BA6-44D035F5AEDB}.Release|Win32.Build.0 = Release|Win32
		{2074320D-E8E8-2849-9BA6-44D035F5AEDB}.Release|x64.ActiveCfg = Release|x64
		{2074320D-E8E8-2849-9BA6-44D035F5AEDB}.Release|x64.Build.0 = Release|x64
		{2074320D-E8E8-2849-9BA6-44D035F5AEDB}.Debug|Win32.ActiveCfg = Debug|Win32
		{2074320D-E8E8-2849-9BA6-44D035F5AEDB}.Debug|Win32.Build.0 = Debug|Win32
		{2074320D-E8E8-2849-9BA6-44D035F5AEDB}.Debug|x64.ActiveCfg = Debug|x64
		{2074320D-E8E8-2849-9BA6-44D035F5AEDB}.Debug|x64.Build.0 = Debug|x64
		{4A8735A9-499C-E94C-B7D2-3B835DE8257F}.Release|Win32.ActiveCfg = Release|Win32
		{4A8735A9-499C-E94C-B7D2-3B835DE8257F}.Release|Win32.Build.0 = Release|Win32
		{4A8735A9-499C-E94C-B7D2-3B835DE8257F}.Release|x64.ActiveCfg = Release|x64
		{4A8735A9-499C-E94C-B7D2-3B835DE8257F}.Release|x64.Build.0 = Release|x64
		{4A8735A9-499C-E94C-B7D2-3B835DE8257F}.Debug|Win32.ActiveCfg = Debug|Win32
		{4A8735A9-499C-E94C-B7D2-3B835DE8257F}.Debug|Win32.Build.0 = Debug|Win32
		{4A8735A9-499C-E94C-B7D2-3B835DE8257F}.Debug|x64.ActiveCfg = Debug|x64
		{4A8735A9-499C-E94C-B7D2-3B835DE8257F}.Debug|x64.Build.0 = Debug|x64
		{DF073097-C05D-6B4C-A0C3-082B67A9FB88}.Release|Win32.ActiveCfg = Release|Win32
		{DF073097-C05D-6B4C-A0C3-082B67A9FB88}.Release|Win32.Build.0 = Release|Win32
		{DF073097-C05D-6B4C-A0C3-082B67A9FB88}.Release|x64.ActiveCfg = Release|x64
		{DF073097-C05D-6B4C-A0C3-082B67A9FB88}.Release|x64.Build.0 = Release|x64
		{DF073097-C05D-6B4C-A0C3-082B67A9FB88}.Debug|Win32.ActiveCfg = Debug|Win32
		{DF073097-C05D-6B4C-A0C3-082B67A9FB88}.Debug|Win32.Build.0 = Debug|Win32
		{DF073097-C05D-6B4C-A0C3-082B67A9FB88}.Debug|x64.ActiveCfg = Debug|x64
		{DF073097-C05D-6B4C-A0C3-082B67A9FB88}.Debug|x64.Build.0 = Debug|x64
		{70BE9339-3895-1B48-9782-97E6B68FCC94}.Release|Win32.ActiveCfg = Release|Win32
		{70BE9339-3895-1B48-9782-97E6B68FCC94}.Release|Win32.Build.0 = Release|Win32
		{70BE9339-3895-1B48-9782-97E6B68FCC94}.Release|x64.ActiveCfg = Release|x64
		{70BE9339-3895-1B48-9782-97E6B68FCC94}.Release|x64.Build.0 = Release|x64
		{70BE9339-3895-1B48-9782-97E6B68FCC94}.Debug|Win32.ActiveCfg = Debug|Win32
		{70BE9339-3895-1B48-9782-97E6B68FCC94}.Debug|Win32.Build.0 = Debug|Win32
		{70BE9339-3895-1B48-9782-97E6B68FCC94}.Debug|x64.ActiveCfg = Debug|x64
		{70BE9339-3895-1B48-9782-97E6B68FCC94}.Debug|x64.Build.0 = Debug|x64
		{246AB3FD-ABCA-D34D-83C1-222682470FDF}.Release|Win32.ActiveCfg = Release|Win32
		{246AB3FD-ABCA-D34D-83C1-222682470FDF}.Release|Win32.Build.0 = Release|Win32
		{246AB3FD-ABCA-D34D-83C1-222682470FDF}.Release|x64.ActiveCfg = Release|x64
		{246AB3FD-ABCA-D34D-83C1-222682470FDF}.Release|x64.Build.0 = Release|x64
		{246AB3FD-ABCA-D34D-83C1-222682470FDF}.Debug|Win32.ActiveCfg = Debug|Win32
		{246AB3FD-ABCA-D34D-83C1-222682470FDF}.Debug|Win32.Build.0 = Debug|Win32
		{246AB3FD-ABCA-D34D-83C1-222682470FDF}.Debug|x64.ActiveCfg = Debug|x64
		{246AB3FD-ABCA-D34D-83C1-222682470FDF}.Debug|x64.Build.0 = Debug|x64
		{201AEC34-9DF4-FD4D-A9AD-19FD5DC1D98F}.Release|Win32.ActiveCfg = Release|Win32
		{201AEC34-9DF4-FD4D-A9AD-19FD5DC1D98F}.Release|Win32.Build.0 = Release|Win32
		{201AEC34-9DF4-FD4D-A9AD-19FD5DC1D98F}.Release|x64.ActiveCfg = Release|x64
		{201AEC34-9DF4-FD4D-A9AD-19FD5DC1D98F}.Release|x64.Build.0 = Release|x64
		{201AEC34-9DF4-FD4D-A9AD-19FD5DC1D98F}.Debug|Win32.ActiveCfg = Debug|Win32
		{201AEC34-9DF4-FD4D-A9AD-19FD5DC1D98F}.Debug|Win32.Build.0 = Debug|Win32
		{201AEC34-9DF4-FD4D-A9AD-19FD5DC1D98F}.Debug|x64.ActiveCfg = Debug|x64
		{201AEC34-9DF4-FD4D-A9AD-19FD5DC1D98F}.Debug|x64.Build.0 = Debug|x64
		{4DBFFA14-7FFD-AA41-8754-F8ABF4C0D315}.Release|Win32.ActiveCfg = Release|Win32
		{4DBFFA14-7FFD-AA41-8754-F8ABF4C0D315}.Release|Win32.Build.0 = Release|Win32
		{4DBFFA14-7FFD-AA41-8754-F8ABF4C0D315}.Release|x64.ActiveCfg = Release|x64
		{4DBFFA14-7FFD-AA41-8754-F8ABF4C0D315}.Release|x64.Build.0 = Release|x64
		{4DBFFA14-7FFD-AA41-8754-F8ABF4C0D315}.Debug|Win32.ActiveCfg = Debug|Win32
		{4DBFFA14-7FFD-AA41-8754-F8ABF4C0D315}.Debug|Win32.Build.0 = Debug|Win32
		{4DBFFA14-7FFD-AA41-8754-F8ABF4C0D315}.Debug|x64.ActiveCfg = Debug|x64
		{4DBFFA14-7FFD-AA41-8754-F8ABF4C0D315}.Debug|x64.Build.0 = Debug|x64
		{50670400-D638-EA48-9035-B7A2B4E23256}.Release|Win32.ActiveCfg = Release|Win32
		{50670400-D638-EA48-9035-B7A2B4E23256}.Release|Win32.Build.0 = Release|Win32
		{50670400-D638-EA48-9035-B7A2B4E23256}.Release|x64.ActiveCfg = Release|x64
		{50670400-D638-EA48-9035-B7A2B4E23256}.Release|x64.Build.0 = Release|x64
		{50670400-D638-EA48-9035-B7A2B4E23256}.Debug|Win32.ActiveCfg = Debug|Win32
		{50670400-D638-EA48-9035-B7A2B4E23256}.Debug|Win32.Build.0 = Debug|Win32
		{50670400-D638-EA48-9035-B7A2B4E23256}.Debug|x64.ActiveCfg = Debug|x64
		{50670400-D638-EA48-9035-B7A2B4E23256}.Debug|x64.Build.0 = Debug|x64
		{2AA4880F-F5E5-E843-98A6-B1365B2CB11A}.Release|Win32.ActiveCfg = Release|Win32
		{2AA4880F-F5E5-E843-98A6-B1365B2CB11A}.Release|Win32.Build.0 = Release|Win32
		{2AA4880F-F5E5-E843-98A6-B1365B2CB11A}.Release|x64.ActiveCfg = Release|x64
		{2AA4880F-F5E5-E843-98A6-B1365B2CB11A}.Release|x64.Build.0 = Release|x64
		{2AA4880F-F5E5-E843-98A6-B1365B2CB11A}.Debug|Win32.ActiveCfg = Debug|Win32
		{2AA4880F-F5E5-E843-98A6-B1365B2CB11A}.Debug|Win32.Build.0 = Debug|Win32
		{2AA4880F-F5E5-E843-98A6-B1365B2CB11A}.Debug|x64.ActiveCfg = Debug|x64
		{2AA4880F-F5E5-E843-98A6-B1365B2CB11A}.Debug|x64.Build.0 = Debug|x64
		{54992072-26DA-7344-8CCD-D8327B0E6A1D}.Release|Win32.ActiveCfg = Release|Win32
		{54992072-26DA-7344-8CCD-D8327B0E6A1D}.Release|Win32.Build.0 = Release|Win32
		{54992072-26DA-7344-8CCD-D8327B0E6A1D}.Release|x64.ActiveCfg = Release|x64
		{54992072-26DA-7344-8CCD-D8327B0E6A1D}.Release|x64.Build.0 = Release|x64
		{54992072-26DA-7344-8CCD-D8327B0E6A1D}.Debug|Win32.ActiveCfg = Debug|Win32
		{54992072-26DA-7344-8CCD-D8327B0E6A1D}.Debug|Win32.Build.0 = Debug|Win32
		{54992072-26DA-7344-8CCD-D8327B0E6A1D}.Debug|x64.ActiveCfg = Debug|x64
		{54992072-26DA-7344-8CCD-D8327B0E6A1D}.Debug|x64.Build.0 = Debug|x64
		{F5D3C332-9EB6-6344-BEFE-5DC3630B2304}.Release|Win32.ActiveCfg = Release|Win32
		{F5D3C332-9EB6-6344-BEFE-5DC3630B2304}.Release|Win32.Build.0 = Release|Win32
		{F5D3C332-9EB6-6344-BEFE-5DC3630B2304}.Release|x64.ActiveCfg = Release|x64
		{F5D3C332-9EB6-6344-BEFE-5DC3630B2304}.Release|x64.Build.0 = Release|x64
		{F5D3C332-9EB6-6344-BEFE-5DC3630B2304}.Debug|Win32.ActiveCfg = Debug|Win32
		{F5D3C332-9EB6-6344-BEFE-5DC3630B2304}.Debug|Win32.Build.0 = Debug|Win32
		{F5D3C332-9EB6-6344-BEFE-5DC3630B2304}.Debug|x64.ActiveCfg = Debug|x64
		{F5D3C332-9EB6-6344-BEFE-5DC3630B2304}.Debug|x64.Build.0 = Debug|x64
		{D9B04B04-A9B8-2947-9E49-B6BC4E5C5213}.Release|Win32.ActiveCfg = Release|Win32
		{D9B04B04-A9B8-2947-9E49-B6BC4E5C5213}.Release|Win32.Build.0 = Release|Win32
		{D9B04B04-A9B8-2947-9E49-B6BC4E5C5213}.Release|x64.ActiveCfg = Release|x64
		{D9B04B04-A9B8-2947-9E49-B6BC4E5C5213}.Release|x64.Build.0 = Release|x64
		{D9B04B04-A9B8-2947-9E49-B6BC4E5C5213}.Debug|Win32.ActiveCfg = Debug|Win32
		{D9B04B04-A9B8-2947-9E49-B6BC4E5C5213}.Debug|Win32.Build.0 = Debug|Win32
		{D9B04B04-A9B8-2947-9E49-B6BC4E5C5213}.Debug|x64.ActiveCfg = Debug|x64
		{D9B04B04-A9B8-2947-9E49-B6BC4E5C5213}.Debug|x64.Build.0 = Debug|x64
		{3B3197DF-4995-004D-8338-7679C0107728}.Release|Win32.ActiveCfg = Release|Win32
		{3B3197DF-4995-004D-8338-7679C0107728}.Release|Win32.Build.0 = Release|Win32
		{3B3197DF-4995-004D-8338-7679C0107728}.Release|x64.ActiveCfg = Release|x64
		{3B3197DF-4995-004D-8338-7679C0107728}.Release|x64.Build.0 = Release|x64
		{3B3197DF-4995-004D-8338-7679C0107728}.Debug|Win32.ActiveCfg = Debug|Win32
		{3B3197DF-4995-004D-8338-7679C0107728}.Debug|Win32.Build.0 = Debug|Win32
		{3B3197DF-4995-004D-8338-7679C0107728}.Debug|x64.ActiveCfg = Debug|x64
		{3B3197DF-4995-004D-8338-7679C0107728}.Debug|x64.Build.0 = Debug|x64
		{2FF00713-51A4-2142-9E0B-B6CCEDFC9BA9}.Release|Win32.ActiveCfg = Release|Win32
		{2FF00713-51A4-2142-9E0B-B6CCEDFC9BA9}.Release|Win32.Build.0 = Release|Win32
		{2FF00713-51A4-2142-9E0B-B6CCEDFC9BA9}.Release|x64.ActiveCfg = Release|x64
		{2FF00713-51A4-2142-9E0B-B6CCEDFC9BA9}.Release|x64.Build.0 = Release|x64
		{2FF00713-51A4-2142-9E0B-B6CCEDFC9BA9}.Debug|Win32.ActiveCfg = Debug|Win32
		{2FF00713-51A4-2142-9E0B-B6CCEDFC9BA9}.Debug|Win32.Build.0 = Debug|Win32
		{2FF00713-51A4-2142-9E0B-B6CCEDFC9BA9}.Debug|x64.ActiveCfg = Debug|x64
		{2FF00713-51A4-2142-9E0B-B6CCEDFC9BA9}.Debug|x64.Build.0 = Debug|x64
		{5E4E24FA-76D0-9A41-9C52-B10E3EAA3783}.Release|Win32.ActiveCfg = Release|Win32
		{5E4E24FA-76D0-9A41-9C52-B10E3EAA3783}.Release|Win32.Build.0 = Release|Win32
		{5E4E24FA-76D0-9A41-9C52-B10E3EAA3783}.Release|x64.ActiveCfg = Release|x64
		{5E4E24FA-76D0-9A41-9C52-B10E3EAA3783}.Release|x64.Build.0 = Release|x64
		{5E4E24FA-76D0-9A41-9C52-B10E3EAA3783}.Debug|Win32.ActiveCfg = Debug|Win32
		{5E4E24FA-76D0-9A41-9C52-B10E3EAA3783}.Debug|Win32.Build.0 = Debug|Win32
		{5E4E24FA-76D0-9A41-9C52-B10E3EAA3783}.Debug|x64.ActiveCfg = Debug|x64
		{5E4E24FA-76D0-9A41-9C52-B10E3EAA3783}.Debug|x64.Build.0 = Debug|x64
		{BDC0FC68-DB64-014A-AE92-1111B533659C}.Release|Win32.ActiveCfg = Release|Win32
		{BDC0FC68-DB64-014A-AE92-1111B533659C}.Release|Win32.Build.0 = Release|Win32
		{BDC0FC68-DB64-014A-AE92-1111B533659C}.Release|x64.ActiveCfg = Release|x64
		{BDC0FC68-DB64-014A-AE92-1111B533659C}.Release|x64.Build.0 = Release|x64
		{BDC0FC68-DB64-014A-AE92-1111B533659C}.Debug|Win32.ActiveCfg = Debug|Win32
		{BDC0FC68-DB64-014A-AE92-1111B533659C}.Debug|Win32.Build.0 = Debug|Win32
		{BDC0FC68-DB64-014A-AE92-1111B533659C}.Debug|x64.ActiveCfg = Debug|x64
		{BDC0FC68-DB64-014A-AE92-1111B533659C}.Debug|x64.Build.0 = Debug|x64
		{7DE92185-2623-BE47-84A1-9E0DB88F39AB}.Release|Win32.ActiveCfg = Release|Win32
		{7DE92185-2623-BE47-84A1-9E0DB88F39AB}.Release|Win32.Build.0 = Release|Win32
		{7DE92185-2623-BE47-84A1-9E0DB88F39AB}.Release|x64.ActiveCfg = Release|x64
		{7DE92185-2623-BE47-84A1-9E0DB88F39AB}.Release|x64.Build.0 = Release|x64
		{7DE92185-2623-BE47-84A1-9E0DB88F39AB}.Debug|Win32.ActiveCfg = Debug|Win32
		{7DE92185-2623-BE47-84A1-9E0DB88F39AB}.Debug|Win32.Build.0 = Debug|Win32
		{7DE92185-2623-BE47-84A1-9E0DB88F39AB}.Debug|x64.ActiveCfg = Debug|x64
		{7DE92185-2623-BE47-84A1-9E0DB88F39AB}.Debug|x64.Build.0 = Debug|x64
		{751F9D51-589D-FA49-B6B4-DAB078B5D868}.Release|Win32.ActiveCfg = Release|Win32
		{751F9D51-589D-FA49-B6B4-DAB078B5D868}.Release|Win32.Build.0 = Release|Win32
		{751F9D51-589D-FA49-B6B4-DAB078B5D868}.Release|x64.ActiveCfg = Release|x64
		{751F9D51-589D-FA49-B6B4-DAB078B5D868}.Release|x64.Build.0 = Release|x64
		{751F9D51-589D-FA49-B6B4-DAB078B5D868}.Debug|Win32.ActiveCfg = Debug|Win32
		{751F9D51-589D-FA49-B6B4-DAB078B5D868}.Debug|Win32.Build.0 = Debug|Win32
		{751F9D51-589D-FA49-B6B4-DAB078B5D868}.Debug|x64.ActiveCfg = Debug|x64
		{751F9D51-589D-FA49-B6B4-DAB078B5D868}.Debug|x64.Build.0 = Debug|x64
		{1B05BAFF-D70B-9C46-B5C1-A86BF633DD47}.Release|Win32.ActiveCfg = Release|Win32
		{1B05BAFF-D70B-9C46-B5C1-A86BF633DD47}.Release|Win32.Build.0 = Release|Win32
		{1B05BAFF-D70B-9C46-B5C1-A86BF633DD47}.Release|x64.ActiveCfg = Release|x64
		{1B05BAFF-D70B-9C46-B5C1-A86BF633DD47}.Release|x64.Build.0 = Release|x64
		{1B05BAFF-D70B-9C46-B5C1-A86BF633DD47}.Debug|Win32.ActiveCfg = Debug|Win32
		{1B05BAFF-D70B-9C46-B5C1-A86BF633DD47}.Debug|Win32.Build.0 = Debug|Win32
		{1B05BAFF-D70B-9C46-B5C1-A86BF633DD47}.Debug|x64.ActiveCfg = Debug|x64
		{1B05BAFF-D70B-9C46-B5C1-A86BF633DD47}.Debug|x64.Build.0 = Debug|x64
		{F403917E-E12D-C248-9630-A8993D59D2F8}.Release|Win32.ActiveCfg = Release|Win32
		{F403917E-E12D-C248-9630-A8993D59D2F8}.Release|Win32.Build.0 = Release|Win32
		{F403917E-E12D-C248-9630-A8993D59D2F8}.Release|x64.ActiveCfg = Release|x64
		{F403917E-E12D-C248-9630-A8993D59D2F8}.Release|x64.Build.0 = Release|x64
		{F403917E-E12D-C248-9630-A8993D59D2F8}.Debug|Win32.ActiveCfg = Debug|Win32
		{F403917E-E12D-C248-9630-A8993D59D2F8}.Debug|Win32.Build.0 = Debug|Win32
		{F403917E-E12D-C248-9630-A8993D59D2F8}.Debug|x64.ActiveCfg = Debug|x64
		{F403917E-E12D-C248-9630-A8993D59D2F8}.Debug|x64.Build.0 = Debug|x64
		{5B915483-5B93-CD4B-8226-6F81B44EF950}.Release|Win32.ActiveCfg = Release|Win32
		{5B915483-5B93-CD4B-8226-6F81B44EF950}.Release|Win32.Build.0 = Release|Win32
		{5B915483-5B93-CD4B-8226-6F81B44EF950}.Release|x64.ActiveCfg = Release|x64
		{5B915483-5B93-CD4B-8226-6F81B44EF950}.Release|x64.Build.0 = Release|x64
		{5B915483-5B93-CD4B-8226-6F81B44EF950}.Debug|Win32.ActiveCfg = Debug|Win32
		{5B915483-5B93-CD4B-8226-6F81B44EF950}.Debug|Win32.Build.0 = Debug|Win32
		{5B915483-5B93-CD4B-8226-6F81B44EF950}.Debug|x64.ActiveCfg = Debug|x64
		{5B915483-5B93-CD4B-8226-6F81B44EF950}.Debug|x64.Build.0 = Debug|x64
		{1211C0BB-2803-5142-86DC-224112AE5EB8}.Release|Win32.ActiveCfg = Release|Win32
		{1211C0BB-2803-5142-86DC-224112AE5EB8}.Release|Win32.Build.0 = Release|Win32
		{1211C0BB-2803-5142-86DC-224112AE5EB8}.Release|x64.ActiveCfg = Release|x64
		{1211C0BB-2803-5142-86DC-224112AE5EB8}.Release|x64.Build.0 = Release|x64
		{1211C0BB-2803-5142-86DC-224112AE5EB8}.Debug|Win32.ActiveCfg = Debug|Win32
		{1211C0BB-2803-5142-86DC-224112AE5EB8}.Debug|Win32.Build.0 = Debug|Win32
		{1211C0BB-2803-5142-86DC-224112AE5EB8}.Debug|x64.ActiveCfg = Debug|x64
		{1211C0BB-2803-5142-86DC-224112AE5EB8}.Debug|x64.Build.0 = Debug|x64
		{397F9637-D300-AA4B-B64A-8F4E9AB7E457}.Release|Win32.ActiveCfg = Release|Win32
		{397F9637-D300-AA4B-B64A-8F4E9AB7E457}.Release|Win32.Build.0 = Release|Win32
		{397F9637-D300-AA4B-B64A-8F4E9AB7E457}.Release|x64.ActiveCfg = Release|x64
		{397F9637-D300-AA4B-B64A-8F4E9AB7E457}.Release|x64.Build.0 = Release|x64
		{397F9637-D300-AA4B-B64A-8F4E9AB7E457}.Debug|Win32.ActiveCfg = Debug|Win32
		{397F9637-D300-AA4B-B64A-8F4E9AB7E457}.Debug|Win32.Build.0 = Debug|Win32
		{397F9637-D300-AA4B-B64A-8F4E9AB7E457}.Debug|x64.ActiveCfg = Debug|x64
		{397F9637-D300-AA4B-B64A-8F4E9AB7E457}.Debug|x64.Build.0 = Debug|x64
		{739591D1-DE08-874F-9174-02E6082E938A}.Release|Win32.ActiveCfg = Release|Win32
		{739591D1-DE08-874F-9174-02E6082E938A}.Release|Win32.Build.0 = Release|Win32
		{739591D1-DE08-874F-9174-02E6082E938A}.Release|x64.ActiveCfg = Release|x64
		{739591D1-DE08-874F-9174-02E6082E938A}.Release|x64.Build.0 = Release|x64
		{739591D1-DE08-874F-9174-02E6082E938A}.Debug|Win32.ActiveCfg = Debug|Win32
		{739591D1-DE08-874F-9174-02E6082E938A}.Debug|Win32.Build.0 = Debug|Win32
		{739591D1-DE08-874F-9174-02E6082E938A}.Debug|x64.ActiveCfg = Debug|x64
		{739591D1-DE08-874F-9174-02E6082E938A}.Debug|x64.Build.0 = Debug|x64
		{D733E9D2-8C3E-884C-A760-0D4CAADCFC3D}.Release|Win32.ActiveCfg = Release|Win32
		{D733E9D2-8C3E-884C-A760-0D4CAADCFC3D}.Release|Win32.Build.0 = Release|Win32
		{D733E9D2-8C3E-884C-A760-0D4CAADCFC3D}.Release|x64.ActiveCfg = Release|x64
		{D733E9D2-8C3E-884C-A760-0D4CAADCFC3D}.Release|x64.Build.0 = Release|x64
		{D733E9D2-8C3E-884C-A760-0D4CAADCFC3D}.Debug|Win32.ActiveCfg = Debug|Win32
		{D733E9D2-8C3E-884C-A760-0D4CAADCFC3D}.Debug|Win32.Build.0 = Debug|Win32
		{D733E9D2-8C3E-884C-A760-0D4CAADCFC3D}.Debug|x64.ActiveCfg = Debug|x64
		{D733E9D2-8C3E-884C-A760-0D4CAADCFC3D}.Debug|x64.Build.0 = Debug|x64
		{A1897D5B-BE08-2041-B95B-66A1E35E265E}.Release|Win32.ActiveCfg = Release|Win32
		{A1897D5B-BE08-2041-B95B-66A1E35E265E}.Release|Win32.Build.0 = Release|Win32
		{A1897D5B-BE08-2041-B95B-66A1E35E265E}.Release|x64.ActiveCfg = Release|x64
		{A1897D5B-BE08-2041-B95B-66A1E35E265E}.Release|x64.Build.0 = Release|x64
		{A1897D5B-BE08-2041-B95B-66A1E35E265E}.Debug|Win32.ActiveCfg = Debug|Win32
		{A1897D5B-BE08-2041-B95B-66A1E35E265E}.Debug|Win32.Build.0 = Debug|Win32
		{A1897D5B-BE08-2041-B95B-66A1E35E265E}.Debug|x64.ActiveCfg = Debug|x64
		{A1897D5B-BE08-2041-B95B-66A1E35E265E}.Debug|x64.Build.0 = Debug|x64
		{782B90AD-0F75-9447-B06C-3E63E13E007B}.Release|Win32.ActiveCfg = Release|Win32
		{782B90AD-0F75-9447-B06C-3E63E13E007B}.Release|Win32.Build.0 = Release|Win32
		{782B90AD-0F75-9447-B06C-3E63E13E007B}.Release|x64.ActiveCfg = Release|x64
		{782B90AD-0F75-9447-B06C-3E63E13E007B}.Release|x64.Build.0 = Release|x64
		{782B90AD-0F75-9447-B06C-3E63E13E007B}.Debug|Win32.ActiveCfg = Debug|Win32
		{782B90AD-0F75-9447-B06C-3E63E13E007B}.Debug|Win32.Build.0 = Debug|Win32
		{782B90AD-0F75-9447-B06C-3E63E13E007B}.Debug|x64.ActiveCfg = Debug|x64
		{782B90AD-0F75-9447-B06C-3E63E13E007B}.Debug|x64.Build.0 = Debug|x64
		{4289D75E-D95D-664E-9272-B435559C6214}.Release|Win32.ActiveCfg = Release|Win32
		{4289D75E-D95D-664E-9272-B435559C6214}.Release|Win32.Build.0 = Release|Win32
		{4289D75E-D95D-664E-9272-B435559C6214}.Release|x64.ActiveCfg = Release|x64
		{4289D75E-D95D-664E-9272-B435559C6214}.Release|x64.Build.0 = Release|x64
		{4289D75E-D95D-664E-9272-B435559C6214}.Debug|Win32.ActiveCfg = Debug|Win32
		{4289D75E-D95D-664E-9272-B435559C6214}.Debug|Win32.Build.0 = Debug|Win32
		{4289D75E-D95D-664E-9272-B435559C6214}.Debug|x64.ActiveCfg = Debug|x64
		{4289D75E-D95D-664E-9272-B435559C6214}.Debug|x64.Build.0 = Debug|x64
		{22B36F8C-428F-F340-87F7-D16DC99ACACD}.Release|Win32.ActiveCfg = Release|Win32
		{22B36F8C-428F-F340-87F7-D16DC99ACACD}.Release|Win32.Build.0 = Release|Win32
		{22B36F8C-428F-F340-87F7-D16DC99ACACD}.Release|x64.ActiveCfg = Release|x64
		{22B36F8C-428F-F340-87F7-D16DC99ACACD}.Release|x64.Build.0 = Release|x64
		{22B36F8C-428F-F340-87F7-D16DC99ACACD}.Debug|Win32.ActiveCfg = Debug|Win32
		{22B36F8C-428F-F340-87F7-D16DC99ACACD}.Debug|Win32.Build.0 = Debug|Win32
		{22B36F8C-428F-F340-87F7-D16DC99ACACD}.Debug|x64.ActiveCfg = Debug|x64
		{22B36F8C-428F-F340-87F7-D16DC99ACACD}.Debug|x64.Build.0 = Debug|x64
		{DD931416-4F3A-B047-8DF4-7FE7252038E2}.Release|Win32.ActiveCfg = Release|Win32
		{DD931416-4F3A-B047-8DF4-7FE7252038E2}.Release|Win32.Build.0 = Release|Win32
		{DD931416-4F3A-B047-8DF4-7FE7252038E2}.Release|x64.ActiveCfg = Release|x64
		{DD931416-4F3A-B047-8DF4-7FE7252038E2}.Release|x64.Build.0 = Release|x64
		{DD931416-4F3A-B047-8DF4-7FE7252038E2}.Debug|Win32.ActiveCfg = Debug|Win32
		{DD931416-4F3A-B047-8DF4-7FE7252038E2}.Debug|Win32.Build.0 = Debug|Win32
		{DD931416-4F3A-B047-8DF4-7FE7252038E2}.Debug|x64.ActiveCfg = Debug|x64
		{DD931416-4F3A-B047-8DF4-7FE7252038E2}.Debug|x64.Build.0 = Debug|x64
		{D92017B6-B96B-8048-A1AA-EC219F3A06BB}.Release|Win32.ActiveCfg = Release|Win32
		{D92017B6-B96B-8048-A1AA-EC219F3A06BB}.Release|Win32.Build.0 = Release|Win32
		{D92017B6-B96B-8048-A1AA-EC219F3A06BB}.Release|x64.ActiveCfg = Release|x64
		{D92017B6-B96B-8048-A1AA-EC219F3A06BB}.Release|x64.Build.0 = Release|x64
		{D92017B6-B96B-8048-A1AA-EC219F3A06BB}.Debug|Win32.ActiveCfg = Debug|Win32
		{D92017B6-B96B-8048-A1AA-EC219F3A06BB}.Debug|Win32.Build.0 = Debug|Win32
		{D92017B6-B96B-8048-A1AA-EC219F3A06BB}.Debug|x64.ActiveCfg = Debug|x64
		{D92017B6-B96B-8048-A1AA-EC219F3A06BB}.Debug|x64.Build.0 = Debug|x64
		{D4915362-E71C-1948-B18E-29BFBC4F4F03}.Release|Win32.ActiveCfg = Release|Win32
		{D4915362-E71C-1948-B18E-29BFBC4F4F03}.Release|Win32.Build.0 = Release|Win32
		{D4915362-E71C-1948-B18E-29BFBC4F4F03}.Release|x64.ActiveCfg = Release|x64
		{D4915362-E71C-1948-B18E-29BFBC4F4F03}.Release|x64.Build.0 = Release|x64
		{D4915362-E71C-1948-B18E-29BFBC4F4F03}.Debug|Win32.ActiveCfg = Debug|Win32
		{D4915362-E71C-1948-B18E-29BFBC4F4F03}.Debug|Win32.Build.0 = Debug|Win32
		{D4915362-E71C-1948-B18E-29BFBC4F4F03}.Debug|x64.ActiveCfg = Debug|x64
		{D4915362-E71C-1948-B18E-29BFBC4F4F03}.Debug|x64.Build.0 = Debug|x64
		{F84B5E84-9A20-7349-BDE0-B9E7B0D21406}.Release|Win32.ActiveCfg = Release|Win32
		{F84B5E84-9A20-7349-BDE0-B9E7B0D21406}.Release|Win32.Build.0 = Release|Win32
		{F84B5E84-9A20-7349-BDE0-B9E7B0D21406}.Release|x64.ActiveCfg = Release|x64
		{F84B5E84-9A20-7349-BDE0-B9E7B0D21406}.Release|x64.Build.0 = Release|x64
		{F84B5E84-9A20-7349-BDE0-B9E7B0D21406}.Debug|Win32.ActiveCfg = Debug|Win32
		{F84B5E84-9A20-7349-BDE0-B9E7B0D21406}.Debug|Win32.Build.0 = Debug|Win32
		{F84B5E84-9A20-7349-BDE0-B9E7B0D21406}.Debug|x64.ActiveCfg = Debug|x64
		{F84B5E84-9A20-7349-BDE0-B9E7B0D21406}.Debug|x64.Build.0 = Debug|x64
		{92D1D051-14FF-D243-A7F0-2B50EC6F3B8A}.Release|Win32.ActiveCfg = Release|Win32
		{92D1D051-14FF-D243-A7F0-2B50EC6F3B8A}.Release|Win32.Build.0 = Release|Win32
		{92D1D051-14FF-D243-A7F0-2B50EC6F3B8A}.Release|x64.ActiveCfg = Release|x64
		{92D1D051-14FF-D243-A7F0-2B50EC6F3B8A}.Release|x64.Build.0 = Release|x64
		{92D1D051-14FF-D243-A7F0-2B50EC6F3B8A}.Debug|Win32.ActiveCfg = Debug|Win32
		{92D1D051-14FF-D243-A7F0-2B50EC6F3B8A}.Debug|Win32.Build.0 = Debug|Win32
		{92D1D051-14FF-D243-A7F0-2B50EC6F3B8A}.Debug|x64.ActiveCfg = Debug|x64
		{92D1D051-14FF-D243-A7F0-2B50EC6F3B8A}.Debug|x64.Build.0 = Debug|x64
		{621F8EEC-99AE-634A-967C-F2B89072C670}.Release|Win32.ActiveCfg = Release|Win32
		{621F8EEC-99AE-634A-967C-F2B89072C670}.Release|Win32.Build.0 = Release|Win32
		{621F8EEC-99AE-634A-967C-F2B89072C670}.Release|x64.ActiveCfg = Release|x64
		{621F8EEC-99AE-634A-967C-F2B89072C670}.Release|x64.Build.0 = Release|x64
		{621F8EEC-99AE-634A-967C-F2B89072C670}.Debug|Win32.ActiveCfg = Debug|Win32
		{621F8EEC-99AE-634A-967C-F2B89072C670}.Debug|Win32.Build.0 = Debug|Win32
		{621F8EEC-99AE-634A-967C-F2B89072C670}.Debug|x64.ActiveCfg = Debug|x64
		{621F8EEC-99AE-634A-967C-F2B89072C670}.Debug|x64.Build.0 = Debug|x64
	EndGlobalSection
	GlobalSection(SolutionProperties) = preSolution
		HideSolutionNode = FALSE
	EndGlobalSection
EndGlobal
