<?xml version="1.0" encoding="utf-8"?>
<Project ToolsVersion="4.0" xmlns="http://schemas.microsoft.com/developer/msbuild/2003">
  <ItemGroup>
    <Filter Include="examples">
      <UniqueIdentifier>{5FA0D7BC-8467-E04B-B070-A26C35EBAD86}</UniqueIdentifier>
    </Filter>
    <Filter Include="examples\InverseDynamics">
      <UniqueIdentifier>{40851E3C-5EB3-F746-9B73-F20E48363623}</UniqueIdentifier>
    </Filter>
    <Filter Include="examples\StandaloneMain">
      <UniqueIdentifier>{1206FE6B-980A-8C40-AE79-C7E53124FE8F}</UniqueIdentifier>
    </Filter>
    <Filter Include="examples\OpenGLWindow">
      <UniqueIdentifier>{8071B49B-6229-3E42-BC8A-5A48E56748C8}</UniqueIdentifier>
    </Filter>
    <Filter Include="examples\ExampleBrowser">
      <UniqueIdentifier>{89BEA82A-A048-A049-B6D8-4A35E5F59019}</UniqueIdentifier>
    </Filter>
    <Filter Include="examples\TinyRenderer">
      <UniqueIdentifier>{3DAD3F0D-4D8F-C54D-B9C1-A6A224831BDD}</UniqueIdentifier>
    </Filter>
    <Filter Include="examples\Utils">
      <UniqueIdentifier>{03D56176-A504-3D4F-9AC8-323A9513ED7B}</UniqueIdentifier>
    </Filter>
    <Filter Include="examples\RenderingExamples">
      <UniqueIdentifier>{A4097732-3D37-1B49-8D93-6CD88631F733}</UniqueIdentifier>
    </Filter>
    <Filter Include="examples\MultiBody">
      <UniqueIdentifier>{109E427F-7B41-2F46-B239-B782CD87EA2E}</UniqueIdentifier>
    </Filter>
    <Filter Include="examples\ThirdPartyLibs">
      <UniqueIdentifier>{DE63DD4C-DC5C-E241-9B92-1DAAEAA97170}</UniqueIdentifier>
    </Filter>
    <Filter Include="examples\ThirdPartyLibs\tinyxml">
      <UniqueIdentifier>{D075520B-9C52-EF4E-95A7-748B742F875B}</UniqueIdentifier>
    </Filter>
    <Filter Include="examples\ThirdPartyLibs\Wavefront">
      <UniqueIdentifier>{F60CDF34-E32F-8544-A48B-CACAA57B7E97}</UniqueIdentifier>
    </Filter>
    <Filter Include="examples\Importers">
      <UniqueIdentifier>{7C9FC4A1-4B70-4B4E-9AB2-4656FE747EF2}</UniqueIdentifier>
    </Filter>
    <Filter Include="examples\Importers\ImportColladaDemo">
      <UniqueIdentifier>{F06ED4A5-75F1-FB4F-92A0-8D58AB34D80B}</UniqueIdentifier>
    </Filter>
    <Filter Include="examples\Importers\ImportObjDemo">
      <UniqueIdentifier>{9EF499F8-2334-D446-9C7C-3F6D0A8CA426}</UniqueIdentifier>
    </Filter>
    <Filter Include="examples\Importers\ImportURDFDemo">
      <UniqueIdentifier>{21166556-5364-E64E-AFD6-3912F9D102A1}</UniqueIdentifier>
    </Filter>
    <Filter Include="examples\Importers\ImportMeshUtility">
      <UniqueIdentifier>{34CFCF2B-86E4-F448-B209-6BB58ED64211}</UniqueIdentifier>
    </Filter>
    <Filter Include="examples\ThirdPartyLibs\stb_image">
      <UniqueIdentifier>{27D63F98-4E9F-A747-AE39-39E30BAD1DFA}</UniqueIdentifier>
    </Filter>
  </ItemGroup>
  <ItemGroup>
    <ClInclude Include="..\..\examples\InverseDynamics\InverseDynamicsExample.h">
      <Filter>examples\InverseDynamics</Filter>
    </ClInclude>
    <ClInclude Include="..\..\examples\Utils\b3ResourcePath.h">
      <Filter>examples\Utils</Filter>
    </ClInclude>
    <ClInclude Include="..\..\examples\ThirdPartyLibs\Wavefront\tiny_obj_loader.h">
      <Filter>examples\ThirdPartyLibs\Wavefront</Filter>
    </ClInclude>
  </ItemGroup>
  <ItemGroup>
    <ClCompile Include="..\..\examples\InverseDynamics\InverseDynamicsExample.cpp">
      <Filter>examples\InverseDynamics</Filter>
    </ClCompile>
    <ClCompile Include="..\..\examples\StandaloneMain\main_tinyrenderer_single_example.cpp">
      <Filter>examples\StandaloneMain</Filter>
    </ClCompile>
    <ClCompile Include="..\..\examples\OpenGLWindow\SimpleCamera.cpp">
      <Filter>examples\OpenGLWindow</Filter>
    </ClCompile>
    <ClCompile Include="..\..\examples\ExampleBrowser\CollisionShape2TriangleMesh.cpp">
      <Filter>examples\ExampleBrowser</Filter>
    </ClCompile>
    <ClCompile Include="..\..\examples\TinyRenderer\geometry.cpp">
      <Filter>examples\TinyRenderer</Filter>
    </ClCompile>
    <ClCompile Include="..\..\examples\TinyRenderer\model.cpp">
      <Filter>examples\TinyRenderer</Filter>
    </ClCompile>
    <ClCompile Include="..\..\examples\TinyRenderer\tgaimage.cpp">
      <Filter>examples\TinyRenderer</Filter>
    </ClCompile>
    <ClCompile Include="..\..\examples\TinyRenderer\our_gl.cpp">
      <Filter>examples\TinyRenderer</Filter>
    </ClCompile>
    <ClCompile Include="..\..\examples\TinyRenderer\TinyRenderer.cpp">
      <Filter>examples\TinyRenderer</Filter>
    </ClCompile>
    <ClCompile Include="..\..\examples\Utils\b3ResourcePath.cpp">
      <Filter>examples\Utils</Filter>
    </ClCompile>
    <ClCompile Include="..\..\examples\RenderingExamples\TimeSeriesCanvas.cpp">
      <Filter>examples\RenderingExamples</Filter>
    </ClCompile>
    <ClCompile Include="..\..\examples\RenderingExamples\TimeSeriesFontData.cpp">
      <Filter>examples\RenderingExamples</Filter>
    </ClCompile>
    <ClCompile Include="..\..\examples\MultiBody\InvertedPendulumPDControl.cpp">
      <Filter>examples\MultiBody</Filter>
    </ClCompile>
    <ClCompile Include="..\..\examples\ThirdPartyLibs\tinyxml\tinystr.cpp">
      <Filter>examples\ThirdPartyLibs\tinyxml</Filter>
    </ClCompile>
    <ClCompile Include="..\..\examples\ThirdPartyLibs\tinyxml\tinyxml.cpp">
      <Filter>examples\ThirdPartyLibs\tinyxml</Filter>
    </ClCompile>
    <ClCompile Include="..\..\examples\ThirdPartyLibs\tinyxml\tinyxmlerror.cpp">
      <Filter>examples\ThirdPartyLibs\tinyxml</Filter>
    </ClCompile>
    <ClCompile Include="..\..\examples\ThirdPartyLibs\tinyxml\tinyxmlparser.cpp">
      <Filter>examples\ThirdPartyLibs\tinyxml</Filter>
    </ClCompile>
    <ClCompile Include="..\..\examples\ThirdPartyLibs\Wavefront\tiny_obj_loader.cpp">
      <Filter>examples\ThirdPartyLibs\Wavefront</Filter>
    </ClCompile>
    <ClCompile Include="..\..\examples\Importers\ImportColladaDemo\LoadMeshFromCollada.cpp">
      <Filter>examples\Importers\ImportColladaDemo</Filter>
    </ClCompile>
    <ClCompile Include="..\..\examples\Importers\ImportObjDemo\LoadMeshFromObj.cpp">
      <Filter>examples\Importers\ImportObjDemo</Filter>
    </ClCompile>
    <ClCompile Include="..\..\examples\Importers\ImportObjDemo\Wavefront2GLInstanceGraphicsShape.cpp">
      <Filter>examples\Importers\ImportObjDemo</Filter>
    </ClCompile>
    <ClCompile Include="..\..\examples\Importers\ImportURDFDemo\BulletUrdfImporter.cpp">
      <Filter>examples\Importers\ImportURDFDemo</Filter>
    </ClCompile>
    <ClCompile Include="..\..\examples\Importers\ImportURDFDemo\MyMultiBodyCreator.cpp">
      <Filter>examples\Importers\ImportURDFDemo</Filter>
    </ClCompile>
    <ClCompile Include="..\..\examples\Importers\ImportURDFDemo\URDF2Bullet.cpp">
      <Filter>examples\Importers\ImportURDFDemo</Filter>
    </ClCompile>
    <ClCompile Include="..\..\examples\Importers\ImportURDFDemo\UrdfParser.cpp">
      <Filter>examples\Importers\ImportURDFDemo</Filter>
    </ClCompile>
    <ClCompile Include="..\..\examples\Importers\ImportURDFDemo\urdfStringSplit.cpp">
      <Filter>examples\Importers\ImportURDFDemo</Filter>
    </ClCompile>
    <ClCompile Include="..\..\examples\Importers\ImportMeshUtility\b3ImportMeshUtility.cpp">
      <Filter>examples\Importers\ImportMeshUtility</Filter>
    </ClCompile>
    <ClCompile Include="..\..\examples\ThirdPartyLibs\stb_image\stb_image.cpp">
      <Filter>examples\ThirdPartyLibs\stb_image</Filter>
    </ClCompile>
  </ItemGroup>
</Project>
