<?xml version="1.0" encoding="utf-8"?>
<Project ToolsVersion="4.0" xmlns="http://schemas.microsoft.com/developer/msbuild/2003">
  <ItemGroup>
    <Filter Include="examples">
      <UniqueIdentifier>{1997014C-798C-3A44-BF92-F7C6881E6550}</UniqueIdentifier>
    </Filter>
    <Filter Include="examples\ThirdPartyLibs">
      <UniqueIdentifier>{F274E2E9-E8D7-BF40-8F55-59BFC8EB450A}</UniqueIdentifier>
    </Filter>
    <Filter Include="examples\ThirdPartyLibs\Glew">
      <UniqueIdentifier>{701032EF-6BC8-6A4A-9F77-F4E566B56696}</UniqueIdentifier>
    </Filter>
    <Filter Include="examples\InverseDynamics">
      <UniqueIdentifier>{44E5E8AF-1E4B-3349-927E-7F6F9ADC14F7}</UniqueIdentifier>
    </Filter>
    <Filter Include="examples\StandaloneMain">
      <UniqueIdentifier>{4179D36F-752A-874F-B5CF-ECCF73784416}</UniqueIdentifier>
    </Filter>
    <Filter Include="examples\ExampleBrowser">
      <UniqueIdentifier>{0BC11EE4-6175-BC4D-ACD1-52518876AA4B}</UniqueIdentifier>
    </Filter>
    <Filter Include="examples\TinyRenderer">
      <UniqueIdentifier>{8AE4B3CD-41F8-9E46-86AA-B6A10B251B2D}</UniqueIdentifier>
    </Filter>
    <Filter Include="examples\Utils">
      <UniqueIdentifier>{A725FC06-F63B-564D-A2EA-F91D099775A1}</UniqueIdentifier>
    </Filter>
    <Filter Include="examples\RenderingExamples">
      <UniqueIdentifier>{C764E7EC-6A60-B14C-907E-2C50F3B82D4E}</UniqueIdentifier>
    </Filter>
    <Filter Include="examples\MultiBody">
      <UniqueIdentifier>{ED4980A4-16F7-3E42-AB4A-184B736873A7}</UniqueIdentifier>
    </Filter>
    <Filter Include="examples\ThirdPartyLibs\tinyxml">
      <UniqueIdentifier>{81A4E17E-CC52-DD40-AE94-BD215BA33129}</UniqueIdentifier>
    </Filter>
    <Filter Include="examples\ThirdPartyLibs\Wavefront">
      <UniqueIdentifier>{E8EA029A-C6EA-8B45-A082-F6EFD19B366A}</UniqueIdentifier>
    </Filter>
    <Filter Include="examples\Importers">
      <UniqueIdentifier>{4C5B41D7-24BB-4F46-A45A-CBE793919990}</UniqueIdentifier>
    </Filter>
    <Filter Include="examples\Importers\ImportColladaDemo">
      <UniqueIdentifier>{98201A88-5FDE-F247-A6B0-69C9ECA60FA9}</UniqueIdentifier>
    </Filter>
    <Filter Include="examples\Importers\ImportObjDemo">
      <UniqueIdentifier>{DD3AD43F-1519-834A-9905-AF42EFDD4EB1}</UniqueIdentifier>
    </Filter>
    <Filter Include="examples\Importers\ImportURDFDemo">
      <UniqueIdentifier>{D5EF042D-D787-2D45-A0D5-A45B867D906B}</UniqueIdentifier>
    </Filter>
    <Filter Include="examples\Importers\ImportMeshUtility">
      <UniqueIdentifier>{A3D56FA7-1B72-8B4C-8C95-BE4275F4B203}</UniqueIdentifier>
    </Filter>
    <Filter Include="examples\ThirdPartyLibs\stb_image">
      <UniqueIdentifier>{213F9A2C-BEF7-C440-8FE9-1EA7CC70C311}</UniqueIdentifier>
    </Filter>
  </ItemGroup>
  <ItemGroup>
    <ClInclude Include="..\..\examples\InverseDynamics\InverseDynamicsExample.h">
      <Filter>examples\InverseDynamics</Filter>
    </ClInclude>
    <ClInclude Include="..\..\examples\Utils\b3ResourcePath.h">
      <Filter>examples\Utils</Filter>
    </ClInclude>
    <ClInclude Include="..\..\examples\ThirdPartyLibs\Wavefront\tiny_obj_loader.h">
      <Filter>examples\ThirdPartyLibs\Wavefront</Filter>
    </ClInclude>
  </ItemGroup>
  <ItemGroup>
    <ClCompile Include="..\..\examples\ThirdPartyLibs\Glew\glew.c">
      <Filter>examples\ThirdPartyLibs\Glew</Filter>
    </ClCompile>
    <ClCompile Include="..\..\examples\InverseDynamics\InverseDynamicsExample.cpp">
      <Filter>examples\InverseDynamics</Filter>
    </ClCompile>
    <ClCompile Include="..\..\examples\StandaloneMain\main_sw_tinyrenderer_single_example.cpp">
      <Filter>examples\StandaloneMain</Filter>
    </ClCompile>
    <ClCompile Include="..\..\examples\ExampleBrowser\OpenGLGuiHelper.cpp">
      <Filter>examples\ExampleBrowser</Filter>
    </ClCompile>
    <ClCompile Include="..\..\examples\ExampleBrowser\GL_ShapeDrawer.cpp">
      <Filter>examples\ExampleBrowser</Filter>
    </ClCompile>
    <ClCompile Include="..\..\examples\ExampleBrowser\CollisionShape2TriangleMesh.cpp">
      <Filter>examples\ExampleBrowser</Filter>
    </ClCompile>
    <ClCompile Include="..\..\examples\TinyRenderer\geometry.cpp">
      <Filter>examples\TinyRenderer</Filter>
    </ClCompile>
    <ClCompile Include="..\..\examples\TinyRenderer\model.cpp">
      <Filter>examples\TinyRenderer</Filter>
    </ClCompile>
    <ClCompile Include="..\..\examples\TinyRenderer\tgaimage.cpp">
      <Filter>examples\TinyRenderer</Filter>
    </ClCompile>
    <ClCompile Include="..\..\examples\TinyRenderer\our_gl.cpp">
      <Filter>examples\TinyRenderer</Filter>
    </ClCompile>
    <ClCompile Include="..\..\examples\TinyRenderer\TinyRenderer.cpp">
      <Filter>examples\TinyRenderer</Filter>
    </ClCompile>
    <ClCompile Include="..\..\examples\Utils\b3ResourcePath.cpp">
      <Filter>examples\Utils</Filter>
    </ClCompile>
    <ClCompile Include="..\..\examples\RenderingExamples\TimeSeriesCanvas.cpp">
      <Filter>examples\RenderingExamples</Filter>
    </ClCompile>
    <ClCompile Include="..\..\examples\RenderingExamples\TimeSeriesFontData.cpp">
      <Filter>examples\RenderingExamples</Filter>
    </ClCompile>
    <ClCompile Include="..\..\examples\MultiBody\InvertedPendulumPDControl.cpp">
      <Filter>examples\MultiBody</Filter>
    </ClCompile>
    <ClCompile Include="..\..\examples\ThirdPartyLibs\tinyxml\tinystr.cpp">
      <Filter>examples\ThirdPartyLibs\tinyxml</Filter>
    </ClCompile>
    <ClCompile Include="..\..\examples\ThirdPartyLibs\tinyxml\tinyxml.cpp">
      <Filter>examples\ThirdPartyLibs\tinyxml</Filter>
    </ClCompile>
    <ClCompile Include="..\..\examples\ThirdPartyLibs\tinyxml\tinyxmlerror.cpp">
      <Filter>examples\ThirdPartyLibs\tinyxml</Filter>
    </ClCompile>
    <ClCompile Include="..\..\examples\ThirdPartyLibs\tinyxml\tinyxmlparser.cpp">
      <Filter>examples\ThirdPartyLibs\tinyxml</Filter>
    </ClCompile>
    <ClCompile Include="..\..\examples\ThirdPartyLibs\Wavefront\tiny_obj_loader.cpp">
      <Filter>examples\ThirdPartyLibs\Wavefront</Filter>
    </ClCompile>
    <ClCompile Include="..\..\examples\Importers\ImportColladaDemo\LoadMeshFromCollada.cpp">
      <Filter>examples\Importers\ImportColladaDemo</Filter>
    </ClCompile>
    <ClCompile Include="..\..\examples\Importers\ImportObjDemo\LoadMeshFromObj.cpp">
      <Filter>examples\Importers\ImportObjDemo</Filter>
    </ClCompile>
    <ClCompile Include="..\..\examples\Importers\ImportObjDemo\Wavefront2GLInstanceGraphicsShape.cpp">
      <Filter>examples\Importers\ImportObjDemo</Filter>
    </ClCompile>
    <ClCompile Include="..\..\examples\Importers\ImportURDFDemo\BulletUrdfImporter.cpp">
      <Filter>examples\Importers\ImportURDFDemo</Filter>
    </ClCompile>
    <ClCompile Include="..\..\examples\Importers\ImportURDFDemo\MyMultiBodyCreator.cpp">
      <Filter>examples\Importers\ImportURDFDemo</Filter>
    </ClCompile>
    <ClCompile Include="..\..\examples\Importers\ImportURDFDemo\URDF2Bullet.cpp">
      <Filter>examples\Importers\ImportURDFDemo</Filter>
    </ClCompile>
    <ClCompile Include="..\..\examples\Importers\ImportURDFDemo\UrdfParser.cpp">
      <Filter>examples\Importers\ImportURDFDemo</Filter>
    </ClCompile>
    <ClCompile Include="..\..\examples\Importers\ImportURDFDemo\urdfStringSplit.cpp">
      <Filter>examples\Importers\ImportURDFDemo</Filter>
    </ClCompile>
    <ClCompile Include="..\..\examples\Importers\ImportMeshUtility\b3ImportMeshUtility.cpp">
      <Filter>examples\Importers\ImportMeshUtility</Filter>
    </ClCompile>
    <ClCompile Include="..\..\examples\ThirdPartyLibs\stb_image\stb_image.cpp">
      <Filter>examples\ThirdPartyLibs\stb_image</Filter>
    </ClCompile>
  </ItemGroup>
</Project>
