<?xml version="1.0" encoding="utf-8"?>
<Project ToolsVersion="4.0" xmlns="http://schemas.microsoft.com/developer/msbuild/2003">
  <ItemGroup>
    <Filter Include="examples">
      <UniqueIdentifier>{575ED2D5-6664-C846-963F-F28945AB8673}</UniqueIdentifier>
    </Filter>
    <Filter Include="examples\ThirdPartyLibs">
      <UniqueIdentifier>{69D95B04-5C69-6B4C-97A7-8A5E8C9438D9}</UniqueIdentifier>
    </Filter>
    <Filter Include="examples\ThirdPartyLibs\Glew">
      <UniqueIdentifier>{1B2F5828-C042-BB4D-B944-D0E2FD145D0E}</UniqueIdentifier>
    </Filter>
    <Filter Include="examples\BasicDemo">
      <UniqueIdentifier>{785487F3-077A-7749-B360-F28B1831E8FE}</UniqueIdentifier>
    </Filter>
    <Filter Include="examples\StandaloneMain">
      <UniqueIdentifier>{11E389AB-7B42-2948-9812-63D6A26D1F25}</UniqueIdentifier>
    </Filter>
    <Filter Include="examples\ExampleBrowser">
      <UniqueIdentifier>{0B8B1004-CE25-554F-94AF-16019F0A91B3}</UniqueIdentifier>
    </Filter>
    <Filter Include="examples\CommonInterfaces">
      <UniqueIdentifier>{E8C8A8AF-96DB-CF46-AFE8-C467C15D92B1}</UniqueIdentifier>
    </Filter>
    <Filter Include="examples\Utils">
      <UniqueIdentifier>{8AE2C481-1743-AC4E-86E7-4FDC23ECBA92}</UniqueIdentifier>
    </Filter>
  </ItemGroup>
  <ItemGroup>
    <ClInclude Include="..\..\examples\BasicDemo\BasicExample.h">
      <Filter>examples\BasicDemo</Filter>
    </ClInclude>
    <ClInclude Include="..\..\examples\CommonInterfaces\Common2dCanvasInterface.h">
      <Filter>examples\CommonInterfaces</Filter>
    </ClInclude>
    <ClInclude Include="..\..\examples\CommonInterfaces\CommonCameraInterface.h">
      <Filter>examples\CommonInterfaces</Filter>
    </ClInclude>
    <ClInclude Include="..\..\examples\CommonInterfaces\CommonExampleInterface.h">
      <Filter>examples\CommonInterfaces</Filter>
    </ClInclude>
    <ClInclude Include="..\..\examples\CommonInterfaces\CommonGraphicsAppInterface.h">
      <Filter>examples\CommonInterfaces</Filter>
    </ClInclude>
    <ClInclude Include="..\..\examples\CommonInterfaces\CommonGUIHelperInterface.h">
      <Filter>examples\CommonInterfaces</Filter>
    </ClInclude>
    <ClInclude Include="..\..\examples\CommonInterfaces\CommonMultiBodyBase.h">
      <Filter>examples\CommonInterfaces</Filter>
    </ClInclude>
    <ClInclude Include="..\..\examples\CommonInterfaces\CommonParameterInterface.h">
      <Filter>examples\CommonInterfaces</Filter>
    </ClInclude>
    <ClInclude Include="..\..\examples\CommonInterfaces\CommonRenderInterface.h">
      <Filter>examples\CommonInterfaces</Filter>
    </ClInclude>
    <ClInclude Include="..\..\examples\CommonInterfaces\CommonRigidBodyBase.h">
      <Filter>examples\CommonInterfaces</Filter>
    </ClInclude>
    <ClInclude Include="..\..\examples\CommonInterfaces\CommonWindowInterface.h">
      <Filter>examples\CommonInterfaces</Filter>
    </ClInclude>
    <ClInclude Include="..\..\examples\Utils\b3Clock.h">
      <Filter>examples\Utils</Filter>
    </ClInclude>
  </ItemGroup>
  <ItemGroup>
    <ClCompile Include="..\..\examples\ThirdPartyLibs\Glew\glew.c">
      <Filter>examples\ThirdPartyLibs\Glew</Filter>
    </ClCompile>
    <ClCompile Include="..\..\examples\BasicDemo\BasicExample.cpp">
      <Filter>examples\BasicDemo</Filter>
    </ClCompile>
    <ClCompile Include="..\..\examples\StandaloneMain\main_opengl_single_example.cpp">
      <Filter>examples\StandaloneMain</Filter>
    </ClCompile>
    <ClCompile Include="..\..\examples\ExampleBrowser\OpenGLGuiHelper.cpp">
      <Filter>examples\ExampleBrowser</Filter>
    </ClCompile>
    <ClCompile Include="..\..\examples\ExampleBrowser\GL_ShapeDrawer.cpp">
      <Filter>examples\ExampleBrowser</Filter>
    </ClCompile>
    <ClCompile Include="..\..\examples\ExampleBrowser\CollisionShape2TriangleMesh.cpp">
      <Filter>examples\ExampleBrowser</Filter>
    </ClCompile>
    <ClCompile Include="..\..\examples\Utils\b3Clock.cpp">
      <Filter>examples\Utils</Filter>
    </ClCompile>
  </ItemGroup>
</Project>
