<?xml version="1.0" encoding="utf-8"?>
<Project ToolsVersion="4.0" xmlns="http://schemas.microsoft.com/developer/msbuild/2003">
  <ItemGroup>
    <Filter Include="src">
      <UniqueIdentifier>{F7A230D4-C4C9-6C41-82C8-7E811EF0D848}</UniqueIdentifier>
    </Filter>
    <Filter Include="src\Bullet3Geometry">
      <UniqueIdentifier>{0558382C-97A5-DF46-AED7-53C62A9F7940}</UniqueIdentifier>
    </Filter>
  </ItemGroup>
  <ItemGroup>
    <ClInclude Include="..\..\src\Bullet3Geometry\b3AabbUtil.h">
      <Filter>src\Bullet3Geometry</Filter>
    </ClInclude>
    <ClInclude Include="..\..\src\Bullet3Geometry\b3ConvexHullComputer.h">
      <Filter>src\Bullet3Geometry</Filter>
    </ClInclude>
    <ClInclude Include="..\..\src\Bullet3Geometry\b3GeometryUtil.h">
      <Filter>src\Bullet3Geometry</Filter>
    </ClInclude>
    <ClInclude Include="..\..\src\Bullet3Geometry\b3GrahamScan2dConvexHull.h">
      <Filter>src\Bullet3Geometry</Filter>
    </ClInclude>
  </ItemGroup>
  <ItemGroup>
    <ClCompile Include="..\..\src\Bullet3Geometry\b3ConvexHullComputer.cpp">
      <Filter>src\Bullet3Geometry</Filter>
    </ClCompile>
    <ClCompile Include="..\..\src\Bullet3Geometry\b3GeometryUtil.cpp">
      <Filter>src\Bullet3Geometry</Filter>
    </ClCompile>
  </ItemGroup>
</Project>
