<?xml version="1.0" encoding="utf-8"?>
<Project ToolsVersion="4.0" xmlns="http://schemas.microsoft.com/developer/msbuild/2003">
  <ItemGroup>
    <Filter Include="src">
      <UniqueIdentifier>{803B2728-B417-B54D-AA9E-ED1CC85880F9}</UniqueIdentifier>
    </Filter>
    <Filter Include="src\Bullet3Serialize">
      <UniqueIdentifier>{BCCBD237-1931-7744-907C-E729B1446BB9}</UniqueIdentifier>
    </Filter>
    <Filter Include="src\Bullet3Serialize\Bullet2FileLoader">
      <UniqueIdentifier>{264E0F24-52C6-8B42-B9F8-CD5072669875}</UniqueIdentifier>
    </Filter>
    <Filter Include="src\Bullet3Serialize\Bullet2FileLoader\autogenerated">
      <UniqueIdentifier>{B36635FC-7F38-D248-9143-D2C7EBC6DFD5}</UniqueIdentifier>
    </Filter>
  </ItemGroup>
  <ItemGroup>
    <ClInclude Include="..\..\src\Bullet3Serialize\Bullet2FileLoader\b3BulletFile.h">
      <Filter>src\Bullet3Serialize\Bullet2FileLoader</Filter>
    </ClInclude>
    <ClInclude Include="..\..\src\Bullet3Serialize\Bullet2FileLoader\b3Chunk.h">
      <Filter>src\Bullet3Serialize\Bullet2FileLoader</Filter>
    </ClInclude>
    <ClInclude Include="..\..\src\Bullet3Serialize\Bullet2FileLoader\b3Common.h">
      <Filter>src\Bullet3Serialize\Bullet2FileLoader</Filter>
    </ClInclude>
    <ClInclude Include="..\..\src\Bullet3Serialize\Bullet2FileLoader\b3Defines.h">
      <Filter>src\Bullet3Serialize\Bullet2FileLoader</Filter>
    </ClInclude>
    <ClInclude Include="..\..\src\Bullet3Serialize\Bullet2FileLoader\b3DNA.h">
      <Filter>src\Bullet3Serialize\Bullet2FileLoader</Filter>
    </ClInclude>
    <ClInclude Include="..\..\src\Bullet3Serialize\Bullet2FileLoader\b3File.h">
      <Filter>src\Bullet3Serialize\Bullet2FileLoader</Filter>
    </ClInclude>
    <ClInclude Include="..\..\src\Bullet3Serialize\Bullet2FileLoader\b3Serializer.h">
      <Filter>src\Bullet3Serialize\Bullet2FileLoader</Filter>
    </ClInclude>
    <ClInclude Include="..\..\src\Bullet3Serialize\Bullet2FileLoader\autogenerated\bullet2.h">
      <Filter>src\Bullet3Serialize\Bullet2FileLoader\autogenerated</Filter>
    </ClInclude>
  </ItemGroup>
  <ItemGroup>
    <ClCompile Include="..\..\src\Bullet3Serialize\Bullet2FileLoader\b3BulletFile.cpp">
      <Filter>src\Bullet3Serialize\Bullet2FileLoader</Filter>
    </ClCompile>
    <ClCompile Include="..\..\src\Bullet3Serialize\Bullet2FileLoader\b3Chunk.cpp">
      <Filter>src\Bullet3Serialize\Bullet2FileLoader</Filter>
    </ClCompile>
    <ClCompile Include="..\..\src\Bullet3Serialize\Bullet2FileLoader\b3DNA.cpp">
      <Filter>src\Bullet3Serialize\Bullet2FileLoader</Filter>
    </ClCompile>
    <ClCompile Include="..\..\src\Bullet3Serialize\Bullet2FileLoader\b3File.cpp">
      <Filter>src\Bullet3Serialize\Bullet2FileLoader</Filter>
    </ClCompile>
    <ClCompile Include="..\..\src\Bullet3Serialize\Bullet2FileLoader\b3Serializer.cpp">
      <Filter>src\Bullet3Serialize\Bullet2FileLoader</Filter>
    </ClCompile>
  </ItemGroup>
</Project>
